
Microsoft Visual Studio Solution File, Format Version 12.00
# Visual Studio Version 17
VisualStudioVersion = 17.7.34031.279
MinimumVisualStudioVersion = 10.0.40219.1
Project("{9A19103F-16F7-4668-BE54-9A1E7A4F7556}") = "ProgrammingFundamentalswithC#-септември-2023", "ProgrammingFundamentalswithC#-септември-2023.csproj", "{6E2E93F0-04D9-453B-ADB5-1734CF8537D4}"
EndProject
Project("{2150E333-8FDC-42A3-9474-1A3956D46DE8}") = "Intro and Basic Syntax", "Intro and Basic Syntax", "{22B6BBEB-2064-4D6B-8F40-09B338920F04}"
EndProject
Project("{2150E333-8FDC-42A3-9474-1A3956D46DE8}") = "Lab", "Lab", "{EA723100-EF64-4EA6-9E70-7DC94C148CBD}"
EndProject
Project("{9A19103F-16F7-4668-BE54-9A1E7A4F7556}") = "StudentInformation", "..\StudentInformation\StudentInformation.csproj", "{737606F7-7826-4117-AAF7-DB9BB1F16BC9}"
EndProject
Project("{9A19103F-16F7-4668-BE54-9A1E7A4F7556}") = "Passed", "..\Passed\Passed.csproj", "{A4E49B83-5DB4-4383-A87C-014FE15C60E0}"
EndProject
Project("{9A19103F-16F7-4668-BE54-9A1E7A4F7556}") = "PassedOrFailed", "..\PassedOrFailed\PassedOrFailed.csproj", "{ED4A0A60-D542-4E30-ADF3-FAFA7812CA54}"
EndProject
Project("{9A19103F-16F7-4668-BE54-9A1E7A4F7556}") = "BackIn30Minutes", "..\BackIn30Minutes\BackIn30Minutes.csproj", "{C6CDF5BA-E846-49B7-B860-FBD4C6C07B8C}"
EndProject
Project("{9A19103F-16F7-4668-BE54-9A1E7A4F7556}") = "MonthPrinter", "..\MonthPrinter\MonthPrinter.csproj", "{218CCED6-D2E3-4BFD-9D19-28C9042D512C}"
EndProject
Project("{9A19103F-16F7-4668-BE54-9A1E7A4F7556}") = "ForeignLanguages", "..\ForeignLanguages\ForeignLanguages.csproj", "{973AB66E-F3FD-43DD-9D5C-FCF3A9A23E13}"
EndProject
Project("{9A19103F-16F7-4668-BE54-9A1E7A4F7556}") = "TheatrePromotion", "..\TheatrePromotion\TheatrePromotion.csproj", "{47801788-2A3B-477B-9AE2-1EE93F29C1D2}"
EndProject
Project("{9A19103F-16F7-4668-BE54-9A1E7A4F7556}") = "DivisibleBy3", "..\DivisibleBy3\DivisibleBy3.csproj", "{C58EA057-A067-4E4A-9575-C29EA4EC7B9A}"
EndProject
Project("{9A19103F-16F7-4668-BE54-9A1E7A4F7556}") = "SumOfOddNumbers", "..\SumOfOddNumbers\SumOfOddNumbers.csproj", "{70F73CDC-2BCA-44E5-A144-9FC19457730E}"
EndProject
Project("{9A19103F-16F7-4668-BE54-9A1E7A4F7556}") = "MultiplicationTable", "..\MultiplicationTable\MultiplicationTable.csproj", "{E36AEC57-EE45-440A-898A-4B1E2842DE51}"
EndProject
Project("{9A19103F-16F7-4668-BE54-9A1E7A4F7556}") = "MultiplicationTable2.0", "..\MultiplicationTable2.0\MultiplicationTable2.0.csproj", "{3A021EB7-9431-410C-9E83-C7C84335CEDF}"
EndProject
Project("{9A19103F-16F7-4668-BE54-9A1E7A4F7556}") = "EvenNumber", "..\EvenNumber\EvenNumber.csproj", "{E8CFEDBF-8360-43CE-91A3-E44517402471}"
EndProject
Project("{9A19103F-16F7-4668-BE54-9A1E7A4F7556}") = "HolidaysBetweenTwoDates", "..\HolidaysBetweenTwoDates\HolidaysBetweenTwoDates.csproj", "{D0586FE7-9A7C-4949-A386-C6099827EEE1}"
EndProject
Project("{2150E333-8FDC-42A3-9474-1A3956D46DE8}") = "Exercise", "Exercise", "{FB880D31-EC12-49D2-9A67-833EF5A4283A}"
EndProject
Project("{9A19103F-16F7-4668-BE54-9A1E7A4F7556}") = "Vacation", "..\Vacation\Vacation.csproj", "{C0A247FF-0B78-4B14-B32D-23AE86959AC5}"
EndProject
Project("{9A19103F-16F7-4668-BE54-9A1E7A4F7556}") = "Division", "..\Division\Division.csproj", "{151D279E-50ED-4F3E-BCB8-92637FA84B55}"
EndProject
Project("{9A19103F-16F7-4668-BE54-9A1E7A4F7556}") = "Ages", "..\Ages\Ages.csproj", "{12FC55B0-1736-4222-9841-CC662D4B93FE}"
EndProject
Project("{9A19103F-16F7-4668-BE54-9A1E7A4F7556}") = "PrintAndsum", "..\PrintAndsum\PrintAndsum.csproj", "{9002313D-2BAC-4CE8-B647-47C04AD78B09}"
EndProject
Project("{9A19103F-16F7-4668-BE54-9A1E7A4F7556}") = "Login", "..\Login\Login.csproj", "{67F6761D-AA8E-4CB9-84FB-E6276FDB59F1}"
EndProject
Project("{9A19103F-16F7-4668-BE54-9A1E7A4F7556}") = "StrongNumber", "..\StrongNumber\StrongNumber.csproj", "{6A260657-4415-4BA1-BF3D-F511F0CD2AEC}"
EndProject
Project("{9A19103F-16F7-4668-BE54-9A1E7A4F7556}") = "Vending Machine", "..\Vending Machine\Vending Machine.csproj", "{652AD7C0-4C34-4F7E-A8E7-8EEB659AAF51}"
EndProject
Project("{9A19103F-16F7-4668-BE54-9A1E7A4F7556}") = "TriangleOfNumbers", "..\TriangleOfNumbers\TriangleOfNumbers.csproj", "{04A81E00-8E48-49A8-8F5B-A169A759393A}"
EndProject
Project("{9A19103F-16F7-4668-BE54-9A1E7A4F7556}") = "PadawanEquipment", "..\PadawanEquipment\PadawanEquipment.csproj", "{193233B7-6EC5-4744-B8E8-F94197E3A6DF}"
EndProject
Project("{9A19103F-16F7-4668-BE54-9A1E7A4F7556}") = "RageExpenses", "..\RageExpenses\RageExpenses.csproj", "{B32A1D44-284C-475D-8664-BB9ECC322CA3}"
EndProject
Project("{2150E333-8FDC-42A3-9474-1A3956D46DE8}") = "MoreExercise", "MoreExercise", "{CDE68460-774D-4172-BDE5-FE1A1A4BA969}"
EndProject
Project("{9A19103F-16F7-4668-BE54-9A1E7A4F7556}") = "Orders", "..\Orders\Orders.csproj", "{24B24443-5420-41C8-A355-6782CF3CB053}"
EndProject
Project("{9A19103F-16F7-4668-BE54-9A1E7A4F7556}") = "SortNumbers", "..\SortNumbers\SortNumbers.csproj", "{03B0EC65-6B5D-4F6A-B6F0-64A92DD0A3DE}"
EndProject
Project("{2150E333-8FDC-42A3-9474-1A3956D46DE8}") = "Data Types and Variables", "Data Types and Variables", "{898A54F3-76DB-44B9-8670-35B4E6ABD281}"
EndProject
Project("{2150E333-8FDC-42A3-9474-1A3956D46DE8}") = "Integer and Real Numbers", "Integer and Real Numbers", "{70221648-1AE5-4DCF-B445-D2EA6935836A}"
EndProject
Project("{9A19103F-16F7-4668-BE54-9A1E7A4F7556}") = "ConvertMetersToKilometers", "..\ConvertMetersToKilometers\ConvertMetersToKilometers.csproj", "{0DE0635E-EAF3-4941-ABAC-ACEC1E9F1060}"
EndProject
Project("{9A19103F-16F7-4668-BE54-9A1E7A4F7556}") = "PundsToDollars", "..\PundsToDollars\PundsToDollars.csproj", "{4A49A578-6D6A-4E5B-8536-4FB5F2D737B5}"
EndProject
Project("{9A19103F-16F7-4668-BE54-9A1E7A4F7556}") = "ExactSumOfRealNumbers", "..\ExactSumOfRealNumbers\ExactSumOfRealNumbers.csproj", "{76ECB6AF-C649-429C-92C9-820783DE8957}"
EndProject
Project("{9A19103F-16F7-4668-BE54-9A1E7A4F7556}") = "CenturiesToMinutes", "..\CenturiesToMinutes\CenturiesToMinutes.csproj", "{283A6D3E-0FA0-43B0-B224-F5BBEB3F99A0}"
EndProject
Project("{2150E333-8FDC-42A3-9474-1A3956D46DE8}") = "Data Types and Type Conversion", "Data Types and Type Conversion", "{4EEF960B-F61B-4EC5-B77F-5603CB3CF71C}"
EndProject
Project("{9A19103F-16F7-4668-BE54-9A1E7A4F7556}") = "SpecialNumbers", "..\SpecialNumbers\SpecialNumbers.csproj", "{F8D19C21-091E-4DF6-B0C5-4282C69C5CC9}"
EndProject
Project("{9A19103F-16F7-4668-BE54-9A1E7A4F7556}") = "ReversedChars", "..\ReversedChars\ReversedChars.csproj", "{2A26A949-2C96-46CC-B2FD-B5FA51EF52DB}"
EndProject
Project("{9A19103F-16F7-4668-BE54-9A1E7A4F7556}") = "ConcatNames", "..\ConcatNames\ConcatNames.csproj", "{24C66255-E8FE-44F7-AB3F-9EBCD69FFFE1}"
EndProject
Project("{9A19103F-16F7-4668-BE54-9A1E7A4F7556}") = "TownInfo", "..\TownInfo\TownInfo.csproj", "{DDF52D99-FBE4-47F5-ABE2-7498C3FF2917}"
EndProject
Project("{9A19103F-16F7-4668-BE54-9A1E7A4F7556}") = "CharsToString", "..\CharsToString\CharsToString.csproj", "{82B6D0EC-A07D-43BC-AC3E-8100BA44A1A8}"
EndProject
Project("{9A19103F-16F7-4668-BE54-9A1E7A4F7556}") = "LowerOrUpper", "..\LowerOrUpper\LowerOrUpper.csproj", "{C010D0FD-563E-463E-A2FA-F5998CFDAC0C}"
EndProject
Project("{9A19103F-16F7-4668-BE54-9A1E7A4F7556}") = "RefactorVolumeOfPyramid", "..\RefactorVolumeOfPyramid\RefactorVolumeOfPyramid.csproj", "{E89BA5AC-2A1D-4877-BC79-7F87904DDFD1}"
EndProject
Project("{2150E333-8FDC-42A3-9474-1A3956D46DE8}") = "Variables", "Variables", "{75E2C473-A26C-4AA0-99F8-340D60310045}"
EndProject
Project("{9A19103F-16F7-4668-BE54-9A1E7A4F7556}") = "RefactorSpecialNumbers", "..\RefactorSpecialNumbers\RefactorSpecialNumbers.csproj", "{CE653006-2A16-4C63-9B71-962A405C47AD}"
EndProject
Project("{2150E333-8FDC-42A3-9474-1A3956D46DE8}") = "Lab", "Lab", "{CE3F572C-5799-4F4F-B858-176D7C7D759C}"
EndProject
Project("{2150E333-8FDC-42A3-9474-1A3956D46DE8}") = "Exercise", "Exercise", "{9BAB8A0C-EF43-4BE4-8FCE-E4136D1BE6DF}"
EndProject
Project("{9A19103F-16F7-4668-BE54-9A1E7A4F7556}") = "IntegerOperations", "..\IntegerOperations\IntegerOperations.csproj", "{08B88CDE-3F90-4CD1-BFA5-A88243852565}"
EndProject
Project("{9A19103F-16F7-4668-BE54-9A1E7A4F7556}") = "SumDigits", "..\SumDigits\SumDigits.csproj", "{17822818-1576-4E08-AE58-BB6CBDF25B26}"
EndProject
Project("{9A19103F-16F7-4668-BE54-9A1E7A4F7556}") = "Elevator", "..\Elevator\Elevator.csproj", "{1351B944-DE44-4FFF-A1B5-2F46BB0D3B3A}"
EndProject
Project("{9A19103F-16F7-4668-BE54-9A1E7A4F7556}") = "SumOfChars", "..\SumOfChars\SumOfChars.csproj", "{E9E6F93C-F9F8-4077-8DDF-5FFB86CC33DA}"
EndProject
Project("{9A19103F-16F7-4668-BE54-9A1E7A4F7556}") = "PrintPartOfASCIITable", "..\PrintPartOfASCIITable\PrintPartOfASCIITable.csproj", "{3C14E5A6-572D-4D60-8E9E-45BF2ABF020C}"
EndProject
Project("{9A19103F-16F7-4668-BE54-9A1E7A4F7556}") = "TriplesOfLatinLetters", "..\TriplesOfLatinLetters\TriplesOfLatinLetters.csproj", "{C3E6C397-816E-46B5-BC72-B2BEBB50B2FD}"
EndProject
Project("{9A19103F-16F7-4668-BE54-9A1E7A4F7556}") = "WaterOverflow", "..\WaterOverflow\WaterOverflow.csproj", "{35DCBD4E-35D0-4FBA-B15D-BEB520E184F3}"
EndProject
Project("{9A19103F-16F7-4668-BE54-9A1E7A4F7556}") = "BeerKegs", "..\BeerKegs\BeerKegs.csproj", "{0A5EE233-5233-489F-81A2-2B38513BFD87}"
EndProject
Project("{9A19103F-16F7-4668-BE54-9A1E7A4F7556}") = "SpiceMustFlow", "..\SpiceMustFlow\SpiceMustFlow.csproj", "{89A5D7F7-8CF6-426A-9E27-A0FB1B92B82B}"
EndProject
Project("{9A19103F-16F7-4668-BE54-9A1E7A4F7556}") = "Snowballs", "..\Snowballs\Snowballs.csproj", "{27FF73E9-6282-4813-8428-A47905792D33}"
EndProject
Project("{2150E333-8FDC-42A3-9474-1A3956D46DE8}") = "Arrays", "Arrays", "{15CCE04F-0A30-4A5E-8049-8952274C44E6}"
EndProject
Project("{9A19103F-16F7-4668-BE54-9A1E7A4F7556}") = "DayOfWeek", "..\DayOfWeek\DayOfWeek.csproj", "{99483A9C-E789-4E7A-84B0-267D6E946126}"
EndProject
Project("{9A19103F-16F7-4668-BE54-9A1E7A4F7556}") = "PrintNumbersInReverseOrder", "..\PrintNumbersInReverseOrder\PrintNumbersInReverseOrder.csproj", "{C051D2FA-7BBA-4564-81BE-CCE2BC20DC7B}"
EndProject
Project("{9A19103F-16F7-4668-BE54-9A1E7A4F7556}") = "RoundingNumbers", "..\RoundingNumbers\RoundingNumbers.csproj", "{0560CEB1-92DA-4B10-A420-BF168B1A4796}"
EndProject
Project("{9A19103F-16F7-4668-BE54-9A1E7A4F7556}") = "ReverseArrayOfStrings", "..\ReverseArrayOfStrings\ReverseArrayOfStrings.csproj", "{0A4D3972-E412-42F4-B232-C09251597F9B}"
EndProject
Project("{9A19103F-16F7-4668-BE54-9A1E7A4F7556}") = "SumEvenNumbers", "..\SumEvenNumbers\SumEvenNumbers.csproj", "{2C8FDB88-54C5-4724-8B1F-ED7592E0AC31}"
EndProject
Project("{9A19103F-16F7-4668-BE54-9A1E7A4F7556}") = "EvenAndOddSubtraction", "..\EvenAndOddSubtraction\EvenAndOddSubtraction.csproj", "{A0F10AA4-CEB0-4456-839B-2AA60E31A1E7}"
EndProject
Project("{9A19103F-16F7-4668-BE54-9A1E7A4F7556}") = "EqualArrays", "..\EqualArrays\EqualArrays.csproj", "{DBFDD7FE-3157-4875-9281-CB2C235D5E69}"
EndProject
Project("{9A19103F-16F7-4668-BE54-9A1E7A4F7556}") = "CondenseArrayToNumber", "..\CondenseArrayToNumber\CondenseArrayToNumber.csproj", "{62897663-9562-4A37-8A7D-10E93D8DFD87}"
EndProject
Project("{2150E333-8FDC-42A3-9474-1A3956D46DE8}") = "Lab", "Lab", "{27CF4EE7-9E9C-4822-B385-3F83B5C6B3D8}"
EndProject
Project("{2150E333-8FDC-42A3-9474-1A3956D46DE8}") = "Exercise", "Exercise", "{2A4B78A2-1358-4B50-A868-4201CF83DF8B}"
EndProject
Project("{9A19103F-16F7-4668-BE54-9A1E7A4F7556}") = "Train", "..\Train\Train.csproj", "{38294FE7-FF97-4A58-8E8C-0A6FA4E6523E}"
EndProject
Project("{9A19103F-16F7-4668-BE54-9A1E7A4F7556}") = "CommonElements", "..\CommonElements\CommonElements.csproj", "{34C690B7-85D8-44DC-A6D7-8C790B311E0A}"
EndProject
Project("{9A19103F-16F7-4668-BE54-9A1E7A4F7556}") = "Zig-ZagArrays", "..\Zig-ZagArrays\Zig-ZagArrays.csproj", "{4F683785-7BA5-493C-A225-12016EA721A4}"
EndProject
Project("{9A19103F-16F7-4668-BE54-9A1E7A4F7556}") = "ArrayRotation", "..\ArrayRotation\ArrayRotation.csproj", "{79153DD8-AAC0-471C-A51F-C81119E73C58}"
EndProject
Project("{9A19103F-16F7-4668-BE54-9A1E7A4F7556}") = "Lecture", "..\Lecture\Lecture.csproj", "{4541B96D-A393-45BC-8B00-3FA37C52CF42}"
EndProject
Project("{9A19103F-16F7-4668-BE54-9A1E7A4F7556}") = "TopIntegers", "..\TopIntegers\TopIntegers.csproj", "{34E17B1A-4CC1-483E-8399-04CA84A1333E}"
EndProject
Project("{2150E333-8FDC-42A3-9474-1A3956D46DE8}") = "Methods", "Methods", "{690232B7-7C01-4B9C-90ED-AB19BF115999}"
EndProject
Project("{2150E333-8FDC-42A3-9474-1A3956D46DE8}") = "Lab", "Lab", "{AE93FCC0-1B9F-4ECF-9941-9A673EDE270A}"
EndProject
Project("{2150E333-8FDC-42A3-9474-1A3956D46DE8}") = "Declaring and Invoking Methods", "Declaring and Invoking Methods", "{93E82607-9F1C-474A-9DE0-42318DA7A773}"
EndProject
Project("{9A19103F-16F7-4668-BE54-9A1E7A4F7556}") = "SignOfIntegerNumbers", "..\SignOfIntegerNumbers\SignOfIntegerNumbers.csproj", "{8F843F3B-D7E3-4796-A0DC-3A400E8C3951}"
EndProject
Project("{9A19103F-16F7-4668-BE54-9A1E7A4F7556}") = "Grades", "..\Grades\Grades.csproj", "{8C9B1648-BA87-448A-BD08-479494C2ED31}"
EndProject
Project("{9A19103F-16F7-4668-BE54-9A1E7A4F7556}") = "Calculations", "..\Calculations\Calculations.csproj", "{4EB378E2-8505-42E9-84C2-43F10C8B8721}"
EndProject
Project("{9A19103F-16F7-4668-BE54-9A1E7A4F7556}") = "PrintingTriangle", "..\PrintingTriangle\PrintingTriangle.csproj", "{9FC02A06-2D1B-4AD8-B664-1834C7ECA6A6}"
EndProject
Project("{9A19103F-16F7-4668-BE54-9A1E7A4F7556}") = "OrdersMethods", "..\OrdersMethods\OrdersMethods.csproj", "{249AB44F-ADA9-4059-B67B-C330BB7DFB7F}"
EndProject
Project("{9A19103F-16F7-4668-BE54-9A1E7A4F7556}") = "CalculateRectangleArea", "..\CalculateRectangleArea\CalculateRectangleArea.csproj", "{5CCA8CF2-E1B2-4A26-B1C0-1B321E8E310F}"
EndProject
Project("{2150E333-8FDC-42A3-9474-1A3956D46DE8}") = "Returning Values and Overloading", "Returning Values and Overloading", "{EAF61889-0CCB-4A46-9985-1F514E679787}"
EndProject
Project("{9A19103F-16F7-4668-BE54-9A1E7A4F7556}") = "RepeatString", "..\RepeatString\RepeatString.csproj", "{4600A849-D0E3-42E0-A4DA-39C46789BC4B}"
EndProject
Project("{9A19103F-16F7-4668-BE54-9A1E7A4F7556}") = "MathPower", "..\MathPower\MathPower.csproj", "{9F94598B-3C83-4ECF-A8DC-B1761CC8C591}"
EndProject
Project("{FAE04EC0-301F-11D3-BF4B-00C04F79EFBC}") = "GreaterOfTwoValues", "..\GreaterOfTwoValues\GreaterOfTwoValues.csproj", "{F6E727DD-5179-4794-B41F-0C5A873035FB}"
EndProject
Project("{FAE04EC0-301F-11D3-BF4B-00C04F79EFBC}") = "MultiplyEvensByOdds", "..\MultiplyEvensByOdds\MultiplyEvensByOdds.csproj", "{F93AF920-5500-466F-B2CB-F163CE9B8C7F}"
EndProject
Project("{FAE04EC0-301F-11D3-BF4B-00C04F79EFBC}") = "MathOperations", "..\MathOperations\MathOperations.csproj", "{6BBBE9AA-562D-4998-A729-DB27B0CA7866}"
EndProject
Global
	GlobalSection(SolutionConfigurationPlatforms) = preSolution
		Debug|Any CPU = Debug|Any CPU
		Release|Any CPU = Release|Any CPU
	EndGlobalSection
	GlobalSection(ProjectConfigurationPlatforms) = postSolution
		{6E2E93F0-04D9-453B-ADB5-1734CF8537D4}.Debug|Any CPU.ActiveCfg = Debug|Any CPU
		{6E2E93F0-04D9-453B-ADB5-1734CF8537D4}.Debug|Any CPU.Build.0 = Debug|Any CPU
		{6E2E93F0-04D9-453B-ADB5-1734CF8537D4}.Release|Any CPU.ActiveCfg = Release|Any CPU
		{6E2E93F0-04D9-453B-ADB5-1734CF8537D4}.Release|Any CPU.Build.0 = Release|Any CPU
		{737606F7-7826-4117-AAF7-DB9BB1F16BC9}.Debug|Any CPU.ActiveCfg = Debug|Any CPU
		{737606F7-7826-4117-AAF7-DB9BB1F16BC9}.Debug|Any CPU.Build.0 = Debug|Any CPU
		{737606F7-7826-4117-AAF7-DB9BB1F16BC9}.Release|Any CPU.ActiveCfg = Release|Any CPU
		{737606F7-7826-4117-AAF7-DB9BB1F16BC9}.Release|Any CPU.Build.0 = Release|Any CPU
		{A4E49B83-5DB4-4383-A87C-014FE15C60E0}.Debug|Any CPU.ActiveCfg = Debug|Any CPU
		{A4E49B83-5DB4-4383-A87C-014FE15C60E0}.Debug|Any CPU.Build.0 = Debug|Any CPU
		{A4E49B83-5DB4-4383-A87C-014FE15C60E0}.Release|Any CPU.ActiveCfg = Release|Any CPU
		{A4E49B83-5DB4-4383-A87C-014FE15C60E0}.Release|Any CPU.Build.0 = Release|Any CPU
		{ED4A0A60-D542-4E30-ADF3-FAFA7812CA54}.Debug|Any CPU.ActiveCfg = Debug|Any CPU
		{ED4A0A60-D542-4E30-ADF3-FAFA7812CA54}.Debug|Any CPU.Build.0 = Debug|Any CPU
		{ED4A0A60-D542-4E30-ADF3-FAFA7812CA54}.Release|Any CPU.ActiveCfg = Release|Any CPU
		{ED4A0A60-D542-4E30-ADF3-FAFA7812CA54}.Release|Any CPU.Build.0 = Release|Any CPU
		{C6CDF5BA-E846-49B7-B860-FBD4C6C07B8C}.Debug|Any CPU.ActiveCfg = Debug|Any CPU
		{C6CDF5BA-E846-49B7-B860-FBD4C6C07B8C}.Debug|Any CPU.Build.0 = Debug|Any CPU
		{C6CDF5BA-E846-49B7-B860-FBD4C6C07B8C}.Release|Any CPU.ActiveCfg = Release|Any CPU
		{C6CDF5BA-E846-49B7-B860-FBD4C6C07B8C}.Release|Any CPU.Build.0 = Release|Any CPU
		{218CCED6-D2E3-4BFD-9D19-28C9042D512C}.Debug|Any CPU.ActiveCfg = Debug|Any CPU
		{218CCED6-D2E3-4BFD-9D19-28C9042D512C}.Debug|Any CPU.Build.0 = Debug|Any CPU
		{218CCED6-D2E3-4BFD-9D19-28C9042D512C}.Release|Any CPU.ActiveCfg = Release|Any CPU
		{218CCED6-D2E3-4BFD-9D19-28C9042D512C}.Release|Any CPU.Build.0 = Release|Any CPU
		{973AB66E-F3FD-43DD-9D5C-FCF3A9A23E13}.Debug|Any CPU.ActiveCfg = Debug|Any CPU
		{973AB66E-F3FD-43DD-9D5C-FCF3A9A23E13}.Debug|Any CPU.Build.0 = Debug|Any CPU
		{973AB66E-F3FD-43DD-9D5C-FCF3A9A23E13}.Release|Any CPU.ActiveCfg = Release|Any CPU
		{973AB66E-F3FD-43DD-9D5C-FCF3A9A23E13}.Release|Any CPU.Build.0 = Release|Any CPU
		{47801788-2A3B-477B-9AE2-1EE93F29C1D2}.Debug|Any CPU.ActiveCfg = Debug|Any CPU
		{47801788-2A3B-477B-9AE2-1EE93F29C1D2}.Debug|Any CPU.Build.0 = Debug|Any CPU
		{47801788-2A3B-477B-9AE2-1EE93F29C1D2}.Release|Any CPU.ActiveCfg = Release|Any CPU
		{47801788-2A3B-477B-9AE2-1EE93F29C1D2}.Release|Any CPU.Build.0 = Release|Any CPU
		{C58EA057-A067-4E4A-9575-C29EA4EC7B9A}.Debug|Any CPU.ActiveCfg = Debug|Any CPU
		{C58EA057-A067-4E4A-9575-C29EA4EC7B9A}.Debug|Any CPU.Build.0 = Debug|Any CPU
		{C58EA057-A067-4E4A-9575-C29EA4EC7B9A}.Release|Any CPU.ActiveCfg = Release|Any CPU
		{C58EA057-A067-4E4A-9575-C29EA4EC7B9A}.Release|Any CPU.Build.0 = Release|Any CPU
		{70F73CDC-2BCA-44E5-A144-9FC19457730E}.Debug|Any CPU.ActiveCfg = Debug|Any CPU
		{70F73CDC-2BCA-44E5-A144-9FC19457730E}.Debug|Any CPU.Build.0 = Debug|Any CPU
		{70F73CDC-2BCA-44E5-A144-9FC19457730E}.Release|Any CPU.ActiveCfg = Release|Any CPU
		{70F73CDC-2BCA-44E5-A144-9FC19457730E}.Release|Any CPU.Build.0 = Release|Any CPU
		{E36AEC57-EE45-440A-898A-4B1E2842DE51}.Debug|Any CPU.ActiveCfg = Debug|Any CPU
		{E36AEC57-EE45-440A-898A-4B1E2842DE51}.Debug|Any CPU.Build.0 = Debug|Any CPU
		{E36AEC57-EE45-440A-898A-4B1E2842DE51}.Release|Any CPU.ActiveCfg = Release|Any CPU
		{E36AEC57-EE45-440A-898A-4B1E2842DE51}.Release|Any CPU.Build.0 = Release|Any CPU
		{3A021EB7-9431-410C-9E83-C7C84335CEDF}.Debug|Any CPU.ActiveCfg = Debug|Any CPU
		{3A021EB7-9431-410C-9E83-C7C84335CEDF}.Debug|Any CPU.Build.0 = Debug|Any CPU
		{3A021EB7-9431-410C-9E83-C7C84335CEDF}.Release|Any CPU.ActiveCfg = Release|Any CPU
		{3A021EB7-9431-410C-9E83-C7C84335CEDF}.Release|Any CPU.Build.0 = Release|Any CPU
		{E8CFEDBF-8360-43CE-91A3-E44517402471}.Debug|Any CPU.ActiveCfg = Debug|Any CPU
		{E8CFEDBF-8360-43CE-91A3-E44517402471}.Debug|Any CPU.Build.0 = Debug|Any CPU
		{E8CFEDBF-8360-43CE-91A3-E44517402471}.Release|Any CPU.ActiveCfg = Release|Any CPU
		{E8CFEDBF-8360-43CE-91A3-E44517402471}.Release|Any CPU.Build.0 = Release|Any CPU
		{D0586FE7-9A7C-4949-A386-C6099827EEE1}.Debug|Any CPU.ActiveCfg = Debug|Any CPU
		{D0586FE7-9A7C-4949-A386-C6099827EEE1}.Debug|Any CPU.Build.0 = Debug|Any CPU
		{D0586FE7-9A7C-4949-A386-C6099827EEE1}.Release|Any CPU.ActiveCfg = Release|Any CPU
		{D0586FE7-9A7C-4949-A386-C6099827EEE1}.Release|Any CPU.Build.0 = Release|Any CPU
		{C0A247FF-0B78-4B14-B32D-23AE86959AC5}.Debug|Any CPU.ActiveCfg = Debug|Any CPU
		{C0A247FF-0B78-4B14-B32D-23AE86959AC5}.Debug|Any CPU.Build.0 = Debug|Any CPU
		{C0A247FF-0B78-4B14-B32D-23AE86959AC5}.Release|Any CPU.ActiveCfg = Release|Any CPU
		{C0A247FF-0B78-4B14-B32D-23AE86959AC5}.Release|Any CPU.Build.0 = Release|Any CPU
		{151D279E-50ED-4F3E-BCB8-92637FA84B55}.Debug|Any CPU.ActiveCfg = Debug|Any CPU
		{151D279E-50ED-4F3E-BCB8-92637FA84B55}.Debug|Any CPU.Build.0 = Debug|Any CPU
		{151D279E-50ED-4F3E-BCB8-92637FA84B55}.Release|Any CPU.ActiveCfg = Release|Any CPU
		{151D279E-50ED-4F3E-BCB8-92637FA84B55}.Release|Any CPU.Build.0 = Release|Any CPU
		{12FC55B0-1736-4222-9841-CC662D4B93FE}.Debug|Any CPU.ActiveCfg = Debug|Any CPU
		{12FC55B0-1736-4222-9841-CC662D4B93FE}.Debug|Any CPU.Build.0 = Debug|Any CPU
		{12FC55B0-1736-4222-9841-CC662D4B93FE}.Release|Any CPU.ActiveCfg = Release|Any CPU
		{12FC55B0-1736-4222-9841-CC662D4B93FE}.Release|Any CPU.Build.0 = Release|Any CPU
		{9002313D-2BAC-4CE8-B647-47C04AD78B09}.Debug|Any CPU.ActiveCfg = Debug|Any CPU
		{9002313D-2BAC-4CE8-B647-47C04AD78B09}.Debug|Any CPU.Build.0 = Debug|Any CPU
		{9002313D-2BAC-4CE8-B647-47C04AD78B09}.Release|Any CPU.ActiveCfg = Release|Any CPU
		{9002313D-2BAC-4CE8-B647-47C04AD78B09}.Release|Any CPU.Build.0 = Release|Any CPU
		{67F6761D-AA8E-4CB9-84FB-E6276FDB59F1}.Debug|Any CPU.ActiveCfg = Debug|Any CPU
		{67F6761D-AA8E-4CB9-84FB-E6276FDB59F1}.Debug|Any CPU.Build.0 = Debug|Any CPU
		{67F6761D-AA8E-4CB9-84FB-E6276FDB59F1}.Release|Any CPU.ActiveCfg = Release|Any CPU
		{67F6761D-AA8E-4CB9-84FB-E6276FDB59F1}.Release|Any CPU.Build.0 = Release|Any CPU
		{6A260657-4415-4BA1-BF3D-F511F0CD2AEC}.Debug|Any CPU.ActiveCfg = Debug|Any CPU
		{6A260657-4415-4BA1-BF3D-F511F0CD2AEC}.Debug|Any CPU.Build.0 = Debug|Any CPU
		{6A260657-4415-4BA1-BF3D-F511F0CD2AEC}.Release|Any CPU.ActiveCfg = Release|Any CPU
		{6A260657-4415-4BA1-BF3D-F511F0CD2AEC}.Release|Any CPU.Build.0 = Release|Any CPU
		{652AD7C0-4C34-4F7E-A8E7-8EEB659AAF51}.Debug|Any CPU.ActiveCfg = Debug|Any CPU
		{652AD7C0-4C34-4F7E-A8E7-8EEB659AAF51}.Debug|Any CPU.Build.0 = Debug|Any CPU
		{652AD7C0-4C34-4F7E-A8E7-8EEB659AAF51}.Release|Any CPU.ActiveCfg = Release|Any CPU
		{652AD7C0-4C34-4F7E-A8E7-8EEB659AAF51}.Release|Any CPU.Build.0 = Release|Any CPU
		{04A81E00-8E48-49A8-8F5B-A169A759393A}.Debug|Any CPU.ActiveCfg = Debug|Any CPU
		{04A81E00-8E48-49A8-8F5B-A169A759393A}.Debug|Any CPU.Build.0 = Debug|Any CPU
		{04A81E00-8E48-49A8-8F5B-A169A759393A}.Release|Any CPU.ActiveCfg = Release|Any CPU
		{04A81E00-8E48-49A8-8F5B-A169A759393A}.Release|Any CPU.Build.0 = Release|Any CPU
		{193233B7-6EC5-4744-B8E8-F94197E3A6DF}.Debug|Any CPU.ActiveCfg = Debug|Any CPU
		{193233B7-6EC5-4744-B8E8-F94197E3A6DF}.Debug|Any CPU.Build.0 = Debug|Any CPU
		{193233B7-6EC5-4744-B8E8-F94197E3A6DF}.Release|Any CPU.ActiveCfg = Release|Any CPU
		{193233B7-6EC5-4744-B8E8-F94197E3A6DF}.Release|Any CPU.Build.0 = Release|Any CPU
		{B32A1D44-284C-475D-8664-BB9ECC322CA3}.Debug|Any CPU.ActiveCfg = Debug|Any CPU
		{B32A1D44-284C-475D-8664-BB9ECC322CA3}.Debug|Any CPU.Build.0 = Debug|Any CPU
		{B32A1D44-284C-475D-8664-BB9ECC322CA3}.Release|Any CPU.ActiveCfg = Release|Any CPU
		{B32A1D44-284C-475D-8664-BB9ECC322CA3}.Release|Any CPU.Build.0 = Release|Any CPU
		{24B24443-5420-41C8-A355-6782CF3CB053}.Debug|Any CPU.ActiveCfg = Debug|Any CPU
		{24B24443-5420-41C8-A355-6782CF3CB053}.Debug|Any CPU.Build.0 = Debug|Any CPU
		{24B24443-5420-41C8-A355-6782CF3CB053}.Release|Any CPU.ActiveCfg = Release|Any CPU
		{24B24443-5420-41C8-A355-6782CF3CB053}.Release|Any CPU.Build.0 = Release|Any CPU
		{03B0EC65-6B5D-4F6A-B6F0-64A92DD0A3DE}.Debug|Any CPU.ActiveCfg = Debug|Any CPU
		{03B0EC65-6B5D-4F6A-B6F0-64A92DD0A3DE}.Debug|Any CPU.Build.0 = Debug|Any CPU
		{03B0EC65-6B5D-4F6A-B6F0-64A92DD0A3DE}.Release|Any CPU.ActiveCfg = Release|Any CPU
		{03B0EC65-6B5D-4F6A-B6F0-64A92DD0A3DE}.Release|Any CPU.Build.0 = Release|Any CPU
		{0DE0635E-EAF3-4941-ABAC-ACEC1E9F1060}.Debug|Any CPU.ActiveCfg = Debug|Any CPU
		{0DE0635E-EAF3-4941-ABAC-ACEC1E9F1060}.Debug|Any CPU.Build.0 = Debug|Any CPU
		{0DE0635E-EAF3-4941-ABAC-ACEC1E9F1060}.Release|Any CPU.ActiveCfg = Release|Any CPU
		{0DE0635E-EAF3-4941-ABAC-ACEC1E9F1060}.Release|Any CPU.Build.0 = Release|Any CPU
		{4A49A578-6D6A-4E5B-8536-4FB5F2D737B5}.Debug|Any CPU.ActiveCfg = Debug|Any CPU
		{4A49A578-6D6A-4E5B-8536-4FB5F2D737B5}.Debug|Any CPU.Build.0 = Debug|Any CPU
		{4A49A578-6D6A-4E5B-8536-4FB5F2D737B5}.Release|Any CPU.ActiveCfg = Release|Any CPU
		{4A49A578-6D6A-4E5B-8536-4FB5F2D737B5}.Release|Any CPU.Build.0 = Release|Any CPU
		{76ECB6AF-C649-429C-92C9-820783DE8957}.Debug|Any CPU.ActiveCfg = Debug|Any CPU
		{76ECB6AF-C649-429C-92C9-820783DE8957}.Debug|Any CPU.Build.0 = Debug|Any CPU
		{76ECB6AF-C649-429C-92C9-820783DE8957}.Release|Any CPU.ActiveCfg = Release|Any CPU
		{76ECB6AF-C649-429C-92C9-820783DE8957}.Release|Any CPU.Build.0 = Release|Any CPU
		{283A6D3E-0FA0-43B0-B224-F5BBEB3F99A0}.Debug|Any CPU.ActiveCfg = Debug|Any CPU
		{283A6D3E-0FA0-43B0-B224-F5BBEB3F99A0}.Debug|Any CPU.Build.0 = Debug|Any CPU
		{283A6D3E-0FA0-43B0-B224-F5BBEB3F99A0}.Release|Any CPU.ActiveCfg = Release|Any CPU
		{283A6D3E-0FA0-43B0-B224-F5BBEB3F99A0}.Release|Any CPU.Build.0 = Release|Any CPU
		{F8D19C21-091E-4DF6-B0C5-4282C69C5CC9}.Debug|Any CPU.ActiveCfg = Debug|Any CPU
		{F8D19C21-091E-4DF6-B0C5-4282C69C5CC9}.Debug|Any CPU.Build.0 = Debug|Any CPU
		{F8D19C21-091E-4DF6-B0C5-4282C69C5CC9}.Release|Any CPU.ActiveCfg = Release|Any CPU
		{F8D19C21-091E-4DF6-B0C5-4282C69C5CC9}.Release|Any CPU.Build.0 = Release|Any CPU
		{2A26A949-2C96-46CC-B2FD-B5FA51EF52DB}.Debug|Any CPU.ActiveCfg = Debug|Any CPU
		{2A26A949-2C96-46CC-B2FD-B5FA51EF52DB}.Debug|Any CPU.Build.0 = Debug|Any CPU
		{2A26A949-2C96-46CC-B2FD-B5FA51EF52DB}.Release|Any CPU.ActiveCfg = Release|Any CPU
		{2A26A949-2C96-46CC-B2FD-B5FA51EF52DB}.Release|Any CPU.Build.0 = Release|Any CPU
		{24C66255-E8FE-44F7-AB3F-9EBCD69FFFE1}.Debug|Any CPU.ActiveCfg = Debug|Any CPU
		{24C66255-E8FE-44F7-AB3F-9EBCD69FFFE1}.Debug|Any CPU.Build.0 = Debug|Any CPU
		{24C66255-E8FE-44F7-AB3F-9EBCD69FFFE1}.Release|Any CPU.ActiveCfg = Release|Any CPU
		{24C66255-E8FE-44F7-AB3F-9EBCD69FFFE1}.Release|Any CPU.Build.0 = Release|Any CPU
		{DDF52D99-FBE4-47F5-ABE2-7498C3FF2917}.Debug|Any CPU.ActiveCfg = Debug|Any CPU
		{DDF52D99-FBE4-47F5-ABE2-7498C3FF2917}.Debug|Any CPU.Build.0 = Debug|Any CPU
		{DDF52D99-FBE4-47F5-ABE2-7498C3FF2917}.Release|Any CPU.ActiveCfg = Release|Any CPU
		{DDF52D99-FBE4-47F5-ABE2-7498C3FF2917}.Release|Any CPU.Build.0 = Release|Any CPU
		{82B6D0EC-A07D-43BC-AC3E-8100BA44A1A8}.Debug|Any CPU.ActiveCfg = Debug|Any CPU
		{82B6D0EC-A07D-43BC-AC3E-8100BA44A1A8}.Debug|Any CPU.Build.0 = Debug|Any CPU
		{82B6D0EC-A07D-43BC-AC3E-8100BA44A1A8}.Release|Any CPU.ActiveCfg = Release|Any CPU
		{82B6D0EC-A07D-43BC-AC3E-8100BA44A1A8}.Release|Any CPU.Build.0 = Release|Any CPU
		{C010D0FD-563E-463E-A2FA-F5998CFDAC0C}.Debug|Any CPU.ActiveCfg = Debug|Any CPU
		{C010D0FD-563E-463E-A2FA-F5998CFDAC0C}.Debug|Any CPU.Build.0 = Debug|Any CPU
		{C010D0FD-563E-463E-A2FA-F5998CFDAC0C}.Release|Any CPU.ActiveCfg = Release|Any CPU
		{C010D0FD-563E-463E-A2FA-F5998CFDAC0C}.Release|Any CPU.Build.0 = Release|Any CPU
		{E89BA5AC-2A1D-4877-BC79-7F87904DDFD1}.Debug|Any CPU.ActiveCfg = Debug|Any CPU
		{E89BA5AC-2A1D-4877-BC79-7F87904DDFD1}.Debug|Any CPU.Build.0 = Debug|Any CPU
		{E89BA5AC-2A1D-4877-BC79-7F87904DDFD1}.Release|Any CPU.ActiveCfg = Release|Any CPU
		{E89BA5AC-2A1D-4877-BC79-7F87904DDFD1}.Release|Any CPU.Build.0 = Release|Any CPU
		{CE653006-2A16-4C63-9B71-962A405C47AD}.Debug|Any CPU.ActiveCfg = Debug|Any CPU
		{CE653006-2A16-4C63-9B71-962A405C47AD}.Debug|Any CPU.Build.0 = Debug|Any CPU
		{CE653006-2A16-4C63-9B71-962A405C47AD}.Release|Any CPU.ActiveCfg = Release|Any CPU
		{CE653006-2A16-4C63-9B71-962A405C47AD}.Release|Any CPU.Build.0 = Release|Any CPU
		{08B88CDE-3F90-4CD1-BFA5-A88243852565}.Debug|Any CPU.ActiveCfg = Debug|Any CPU
		{08B88CDE-3F90-4CD1-BFA5-A88243852565}.Debug|Any CPU.Build.0 = Debug|Any CPU
		{08B88CDE-3F90-4CD1-BFA5-A88243852565}.Release|Any CPU.ActiveCfg = Release|Any CPU
		{08B88CDE-3F90-4CD1-BFA5-A88243852565}.Release|Any CPU.Build.0 = Release|Any CPU
		{17822818-1576-4E08-AE58-BB6CBDF25B26}.Debug|Any CPU.ActiveCfg = Debug|Any CPU
		{17822818-1576-4E08-AE58-BB6CBDF25B26}.Debug|Any CPU.Build.0 = Debug|Any CPU
		{17822818-1576-4E08-AE58-BB6CBDF25B26}.Release|Any CPU.ActiveCfg = Release|Any CPU
		{17822818-1576-4E08-AE58-BB6CBDF25B26}.Release|Any CPU.Build.0 = Release|Any CPU
		{1351B944-DE44-4FFF-A1B5-2F46BB0D3B3A}.Debug|Any CPU.ActiveCfg = Debug|Any CPU
		{1351B944-DE44-4FFF-A1B5-2F46BB0D3B3A}.Debug|Any CPU.Build.0 = Debug|Any CPU
		{1351B944-DE44-4FFF-A1B5-2F46BB0D3B3A}.Release|Any CPU.ActiveCfg = Release|Any CPU
		{1351B944-DE44-4FFF-A1B5-2F46BB0D3B3A}.Release|Any CPU.Build.0 = Release|Any CPU
		{E9E6F93C-F9F8-4077-8DDF-5FFB86CC33DA}.Debug|Any CPU.ActiveCfg = Debug|Any CPU
		{E9E6F93C-F9F8-4077-8DDF-5FFB86CC33DA}.Debug|Any CPU.Build.0 = Debug|Any CPU
		{E9E6F93C-F9F8-4077-8DDF-5FFB86CC33DA}.Release|Any CPU.ActiveCfg = Release|Any CPU
		{E9E6F93C-F9F8-4077-8DDF-5FFB86CC33DA}.Release|Any CPU.Build.0 = Release|Any CPU
		{3C14E5A6-572D-4D60-8E9E-45BF2ABF020C}.Debug|Any CPU.ActiveCfg = Debug|Any CPU
		{3C14E5A6-572D-4D60-8E9E-45BF2ABF020C}.Debug|Any CPU.Build.0 = Debug|Any CPU
		{3C14E5A6-572D-4D60-8E9E-45BF2ABF020C}.Release|Any CPU.ActiveCfg = Release|Any CPU
		{3C14E5A6-572D-4D60-8E9E-45BF2ABF020C}.Release|Any CPU.Build.0 = Release|Any CPU
		{C3E6C397-816E-46B5-BC72-B2BEBB50B2FD}.Debug|Any CPU.ActiveCfg = Debug|Any CPU
		{C3E6C397-816E-46B5-BC72-B2BEBB50B2FD}.Debug|Any CPU.Build.0 = Debug|Any CPU
		{C3E6C397-816E-46B5-BC72-B2BEBB50B2FD}.Release|Any CPU.ActiveCfg = Release|Any CPU
		{C3E6C397-816E-46B5-BC72-B2BEBB50B2FD}.Release|Any CPU.Build.0 = Release|Any CPU
		{35DCBD4E-35D0-4FBA-B15D-BEB520E184F3}.Debug|Any CPU.ActiveCfg = Debug|Any CPU
		{35DCBD4E-35D0-4FBA-B15D-BEB520E184F3}.Debug|Any CPU.Build.0 = Debug|Any CPU
		{35DCBD4E-35D0-4FBA-B15D-BEB520E184F3}.Release|Any CPU.ActiveCfg = Release|Any CPU
		{35DCBD4E-35D0-4FBA-B15D-BEB520E184F3}.Release|Any CPU.Build.0 = Release|Any CPU
		{0A5EE233-5233-489F-81A2-2B38513BFD87}.Debug|Any CPU.ActiveCfg = Debug|Any CPU
		{0A5EE233-5233-489F-81A2-2B38513BFD87}.Debug|Any CPU.Build.0 = Debug|Any CPU
		{0A5EE233-5233-489F-81A2-2B38513BFD87}.Release|Any CPU.ActiveCfg = Release|Any CPU
		{0A5EE233-5233-489F-81A2-2B38513BFD87}.Release|Any CPU.Build.0 = Release|Any CPU
		{89A5D7F7-8CF6-426A-9E27-A0FB1B92B82B}.Debug|Any CPU.ActiveCfg = Debug|Any CPU
		{89A5D7F7-8CF6-426A-9E27-A0FB1B92B82B}.Debug|Any CPU.Build.0 = Debug|Any CPU
		{89A5D7F7-8CF6-426A-9E27-A0FB1B92B82B}.Release|Any CPU.ActiveCfg = Release|Any CPU
		{89A5D7F7-8CF6-426A-9E27-A0FB1B92B82B}.Release|Any CPU.Build.0 = Release|Any CPU
		{27FF73E9-6282-4813-8428-A47905792D33}.Debug|Any CPU.ActiveCfg = Debug|Any CPU
		{27FF73E9-6282-4813-8428-A47905792D33}.Debug|Any CPU.Build.0 = Debug|Any CPU
		{27FF73E9-6282-4813-8428-A47905792D33}.Release|Any CPU.ActiveCfg = Release|Any CPU
		{27FF73E9-6282-4813-8428-A47905792D33}.Release|Any CPU.Build.0 = Release|Any CPU
		{99483A9C-E789-4E7A-84B0-267D6E946126}.Debug|Any CPU.ActiveCfg = Debug|Any CPU
		{99483A9C-E789-4E7A-84B0-267D6E946126}.Debug|Any CPU.Build.0 = Debug|Any CPU
		{99483A9C-E789-4E7A-84B0-267D6E946126}.Release|Any CPU.ActiveCfg = Release|Any CPU
		{99483A9C-E789-4E7A-84B0-267D6E946126}.Release|Any CPU.Build.0 = Release|Any CPU
		{C051D2FA-7BBA-4564-81BE-CCE2BC20DC7B}.Debug|Any CPU.ActiveCfg = Debug|Any CPU
		{C051D2FA-7BBA-4564-81BE-CCE2BC20DC7B}.Debug|Any CPU.Build.0 = Debug|Any CPU
		{C051D2FA-7BBA-4564-81BE-CCE2BC20DC7B}.Release|Any CPU.ActiveCfg = Release|Any CPU
		{C051D2FA-7BBA-4564-81BE-CCE2BC20DC7B}.Release|Any CPU.Build.0 = Release|Any CPU
		{0560CEB1-92DA-4B10-A420-BF168B1A4796}.Debug|Any CPU.ActiveCfg = Debug|Any CPU
		{0560CEB1-92DA-4B10-A420-BF168B1A4796}.Debug|Any CPU.Build.0 = Debug|Any CPU
		{0560CEB1-92DA-4B10-A420-BF168B1A4796}.Release|Any CPU.ActiveCfg = Release|Any CPU
		{0560CEB1-92DA-4B10-A420-BF168B1A4796}.Release|Any CPU.Build.0 = Release|Any CPU
		{0A4D3972-E412-42F4-B232-C09251597F9B}.Debug|Any CPU.ActiveCfg = Debug|Any CPU
		{0A4D3972-E412-42F4-B232-C09251597F9B}.Debug|Any CPU.Build.0 = Debug|Any CPU
		{0A4D3972-E412-42F4-B232-C09251597F9B}.Release|Any CPU.ActiveCfg = Release|Any CPU
		{0A4D3972-E412-42F4-B232-C09251597F9B}.Release|Any CPU.Build.0 = Release|Any CPU
		{2C8FDB88-54C5-4724-8B1F-ED7592E0AC31}.Debug|Any CPU.ActiveCfg = Debug|Any CPU
		{2C8FDB88-54C5-4724-8B1F-ED7592E0AC31}.Debug|Any CPU.Build.0 = Debug|Any CPU
		{2C8FDB88-54C5-4724-8B1F-ED7592E0AC31}.Release|Any CPU.ActiveCfg = Release|Any CPU
		{2C8FDB88-54C5-4724-8B1F-ED7592E0AC31}.Release|Any CPU.Build.0 = Release|Any CPU
		{A0F10AA4-CEB0-4456-839B-2AA60E31A1E7}.Debug|Any CPU.ActiveCfg = Debug|Any CPU
		{A0F10AA4-CEB0-4456-839B-2AA60E31A1E7}.Debug|Any CPU.Build.0 = Debug|Any CPU
		{A0F10AA4-CEB0-4456-839B-2AA60E31A1E7}.Release|Any CPU.ActiveCfg = Release|Any CPU
		{A0F10AA4-CEB0-4456-839B-2AA60E31A1E7}.Release|Any CPU.Build.0 = Release|Any CPU
		{DBFDD7FE-3157-4875-9281-CB2C235D5E69}.Debug|Any CPU.ActiveCfg = Debug|Any CPU
		{DBFDD7FE-3157-4875-9281-CB2C235D5E69}.Debug|Any CPU.Build.0 = Debug|Any CPU
		{DBFDD7FE-3157-4875-9281-CB2C235D5E69}.Release|Any CPU.ActiveCfg = Release|Any CPU
		{DBFDD7FE-3157-4875-9281-CB2C235D5E69}.Release|Any CPU.Build.0 = Release|Any CPU
		{62897663-9562-4A37-8A7D-10E93D8DFD87}.Debug|Any CPU.ActiveCfg = Debug|Any CPU
		{62897663-9562-4A37-8A7D-10E93D8DFD87}.Debug|Any CPU.Build.0 = Debug|Any CPU
		{62897663-9562-4A37-8A7D-10E93D8DFD87}.Release|Any CPU.ActiveCfg = Release|Any CPU
		{62897663-9562-4A37-8A7D-10E93D8DFD87}.Release|Any CPU.Build.0 = Release|Any CPU
		{38294FE7-FF97-4A58-8E8C-0A6FA4E6523E}.Debug|Any CPU.ActiveCfg = Debug|Any CPU
		{38294FE7-FF97-4A58-8E8C-0A6FA4E6523E}.Debug|Any CPU.Build.0 = Debug|Any CPU
		{38294FE7-FF97-4A58-8E8C-0A6FA4E6523E}.Release|Any CPU.ActiveCfg = Release|Any CPU
		{38294FE7-FF97-4A58-8E8C-0A6FA4E6523E}.Release|Any CPU.Build.0 = Release|Any CPU
		{34C690B7-85D8-44DC-A6D7-8C790B311E0A}.Debug|Any CPU.ActiveCfg = Debug|Any CPU
		{34C690B7-85D8-44DC-A6D7-8C790B311E0A}.Debug|Any CPU.Build.0 = Debug|Any CPU
		{34C690B7-85D8-44DC-A6D7-8C790B311E0A}.Release|Any CPU.ActiveCfg = Release|Any CPU
		{34C690B7-85D8-44DC-A6D7-8C790B311E0A}.Release|Any CPU.Build.0 = Release|Any CPU
		{4F683785-7BA5-493C-A225-12016EA721A4}.Debug|Any CPU.ActiveCfg = Debug|Any CPU
		{4F683785-7BA5-493C-A225-12016EA721A4}.Debug|Any CPU.Build.0 = Debug|Any CPU
		{4F683785-7BA5-493C-A225-12016EA721A4}.Release|Any CPU.ActiveCfg = Release|Any CPU
		{4F683785-7BA5-493C-A225-12016EA721A4}.Release|Any CPU.Build.0 = Release|Any CPU
		{79153DD8-AAC0-471C-A51F-C81119E73C58}.Debug|Any CPU.ActiveCfg = Debug|Any CPU
		{79153DD8-AAC0-471C-A51F-C81119E73C58}.Debug|Any CPU.Build.0 = Debug|Any CPU
		{79153DD8-AAC0-471C-A51F-C81119E73C58}.Release|Any CPU.ActiveCfg = Release|Any CPU
		{79153DD8-AAC0-471C-A51F-C81119E73C58}.Release|Any CPU.Build.0 = Release|Any CPU
		{4541B96D-A393-45BC-8B00-3FA37C52CF42}.Debug|Any CPU.ActiveCfg = Debug|Any CPU
		{4541B96D-A393-45BC-8B00-3FA37C52CF42}.Debug|Any CPU.Build.0 = Debug|Any CPU
		{4541B96D-A393-45BC-8B00-3FA37C52CF42}.Release|Any CPU.ActiveCfg = Release|Any CPU
		{4541B96D-A393-45BC-8B00-3FA37C52CF42}.Release|Any CPU.Build.0 = Release|Any CPU
		{34E17B1A-4CC1-483E-8399-04CA84A1333E}.Debug|Any CPU.ActiveCfg = Debug|Any CPU
		{34E17B1A-4CC1-483E-8399-04CA84A1333E}.Debug|Any CPU.Build.0 = Debug|Any CPU
		{34E17B1A-4CC1-483E-8399-04CA84A1333E}.Release|Any CPU.ActiveCfg = Release|Any CPU
		{34E17B1A-4CC1-483E-8399-04CA84A1333E}.Release|Any CPU.Build.0 = Release|Any CPU
		{8F843F3B-D7E3-4796-A0DC-3A400E8C3951}.Debug|Any CPU.ActiveCfg = Debug|Any CPU
		{8F843F3B-D7E3-4796-A0DC-3A400E8C3951}.Debug|Any CPU.Build.0 = Debug|Any CPU
		{8F843F3B-D7E3-4796-A0DC-3A400E8C3951}.Release|Any CPU.ActiveCfg = Release|Any CPU
		{8F843F3B-D7E3-4796-A0DC-3A400E8C3951}.Release|Any CPU.Build.0 = Release|Any CPU
		{8C9B1648-BA87-448A-BD08-479494C2ED31}.Debug|Any CPU.ActiveCfg = Debug|Any CPU
		{8C9B1648-BA87-448A-BD08-479494C2ED31}.Debug|Any CPU.Build.0 = Debug|Any CPU
		{8C9B1648-BA87-448A-BD08-479494C2ED31}.Release|Any CPU.ActiveCfg = Release|Any CPU
		{8C9B1648-BA87-448A-BD08-479494C2ED31}.Release|Any CPU.Build.0 = Release|Any CPU
		{4EB378E2-8505-42E9-84C2-43F10C8B8721}.Debug|Any CPU.ActiveCfg = Debug|Any CPU
		{4EB378E2-8505-42E9-84C2-43F10C8B8721}.Debug|Any CPU.Build.0 = Debug|Any CPU
		{4EB378E2-8505-42E9-84C2-43F10C8B8721}.Release|Any CPU.ActiveCfg = Release|Any CPU
		{4EB378E2-8505-42E9-84C2-43F10C8B8721}.Release|Any CPU.Build.0 = Release|Any CPU
		{9FC02A06-2D1B-4AD8-B664-1834C7ECA6A6}.Debug|Any CPU.ActiveCfg = Debug|Any CPU
		{9FC02A06-2D1B-4AD8-B664-1834C7ECA6A6}.Debug|Any CPU.Build.0 = Debug|Any CPU
		{9FC02A06-2D1B-4AD8-B664-1834C7ECA6A6}.Release|Any CPU.ActiveCfg = Release|Any CPU
		{9FC02A06-2D1B-4AD8-B664-1834C7ECA6A6}.Release|Any CPU.Build.0 = Release|Any CPU
		{249AB44F-ADA9-4059-B67B-C330BB7DFB7F}.Debug|Any CPU.ActiveCfg = Debug|Any CPU
		{249AB44F-ADA9-4059-B67B-C330BB7DFB7F}.Debug|Any CPU.Build.0 = Debug|Any CPU
		{249AB44F-ADA9-4059-B67B-C330BB7DFB7F}.Release|Any CPU.ActiveCfg = Release|Any CPU
		{249AB44F-ADA9-4059-B67B-C330BB7DFB7F}.Release|Any CPU.Build.0 = Release|Any CPU
		{5CCA8CF2-E1B2-4A26-B1C0-1B321E8E310F}.Debug|Any CPU.ActiveCfg = Debug|Any CPU
		{5CCA8CF2-E1B2-4A26-B1C0-1B321E8E310F}.Debug|Any CPU.Build.0 = Debug|Any CPU
		{5CCA8CF2-E1B2-4A26-B1C0-1B321E8E310F}.Release|Any CPU.ActiveCfg = Release|Any CPU
		{5CCA8CF2-E1B2-4A26-B1C0-1B321E8E310F}.Release|Any CPU.Build.0 = Release|Any CPU
		{4600A849-D0E3-42E0-A4DA-39C46789BC4B}.Debug|Any CPU.ActiveCfg = Debug|Any CPU
		{4600A849-D0E3-42E0-A4DA-39C46789BC4B}.Debug|Any CPU.Build.0 = Debug|Any CPU
		{4600A849-D0E3-42E0-A4DA-39C46789BC4B}.Release|Any CPU.ActiveCfg = Release|Any CPU
		{4600A849-D0E3-42E0-A4DA-39C46789BC4B}.Release|Any CPU.Build.0 = Release|Any CPU
		{9F94598B-3C83-4ECF-A8DC-B1761CC8C591}.Debug|Any CPU.ActiveCfg = Debug|Any CPU
		{9F94598B-3C83-4ECF-A8DC-B1761CC8C591}.Debug|Any CPU.Build.0 = Debug|Any CPU
		{9F94598B-3C83-4ECF-A8DC-B1761CC8C591}.Release|Any CPU.ActiveCfg = Release|Any CPU
		{9F94598B-3C83-4ECF-A8DC-B1761CC8C591}.Release|Any CPU.Build.0 = Release|Any CPU
		{F6E727DD-5179-4794-B41F-0C5A873035FB}.Debug|Any CPU.ActiveCfg = Debug|Any CPU
		{F6E727DD-5179-4794-B41F-0C5A873035FB}.Debug|Any CPU.Build.0 = Debug|Any CPU
		{F6E727DD-5179-4794-B41F-0C5A873035FB}.Release|Any CPU.ActiveCfg = Release|Any CPU
		{F6E727DD-5179-4794-B41F-0C5A873035FB}.Release|Any CPU.Build.0 = Release|Any CPU
		{F93AF920-5500-466F-B2CB-F163CE9B8C7F}.Debug|Any CPU.ActiveCfg = Debug|Any CPU
		{F93AF920-5500-466F-B2CB-F163CE9B8C7F}.Debug|Any CPU.Build.0 = Debug|Any CPU
		{F93AF920-5500-466F-B2CB-F163CE9B8C7F}.Release|Any CPU.ActiveCfg = Release|Any CPU
		{F93AF920-5500-466F-B2CB-F163CE9B8C7F}.Release|Any CPU.Build.0 = Release|Any CPU
		{6BBBE9AA-562D-4998-A729-DB27B0CA7866}.Debug|Any CPU.ActiveCfg = Debug|Any CPU
		{6BBBE9AA-562D-4998-A729-DB27B0CA7866}.Debug|Any CPU.Build.0 = Debug|Any CPU
		{6BBBE9AA-562D-4998-A729-DB27B0CA7866}.Release|Any CPU.ActiveCfg = Release|Any CPU
		{6BBBE9AA-562D-4998-A729-DB27B0CA7866}.Release|Any CPU.Build.0 = Release|Any CPU
	EndGlobalSection
	GlobalSection(SolutionProperties) = preSolution
		HideSolutionNode = FALSE
	EndGlobalSection
	GlobalSection(NestedProjects) = preSolution
		{EA723100-EF64-4EA6-9E70-7DC94C148CBD} = {22B6BBEB-2064-4D6B-8F40-09B338920F04}
		{737606F7-7826-4117-AAF7-DB9BB1F16BC9} = {EA723100-EF64-4EA6-9E70-7DC94C148CBD}
		{A4E49B83-5DB4-4383-A87C-014FE15C60E0} = {EA723100-EF64-4EA6-9E70-7DC94C148CBD}
		{ED4A0A60-D542-4E30-ADF3-FAFA7812CA54} = {EA723100-EF64-4EA6-9E70-7DC94C148CBD}
		{C6CDF5BA-E846-49B7-B860-FBD4C6C07B8C} = {EA723100-EF64-4EA6-9E70-7DC94C148CBD}
		{218CCED6-D2E3-4BFD-9D19-28C9042D512C} = {EA723100-EF64-4EA6-9E70-7DC94C148CBD}
		{973AB66E-F3FD-43DD-9D5C-FCF3A9A23E13} = {EA723100-EF64-4EA6-9E70-7DC94C148CBD}
		{47801788-2A3B-477B-9AE2-1EE93F29C1D2} = {EA723100-EF64-4EA6-9E70-7DC94C148CBD}
		{C58EA057-A067-4E4A-9575-C29EA4EC7B9A} = {EA723100-EF64-4EA6-9E70-7DC94C148CBD}
		{70F73CDC-2BCA-44E5-A144-9FC19457730E} = {EA723100-EF64-4EA6-9E70-7DC94C148CBD}
		{E36AEC57-EE45-440A-898A-4B1E2842DE51} = {EA723100-EF64-4EA6-9E70-7DC94C148CBD}
		{3A021EB7-9431-410C-9E83-C7C84335CEDF} = {EA723100-EF64-4EA6-9E70-7DC94C148CBD}
		{E8CFEDBF-8360-43CE-91A3-E44517402471} = {EA723100-EF64-4EA6-9E70-7DC94C148CBD}
		{D0586FE7-9A7C-4949-A386-C6099827EEE1} = {EA723100-EF64-4EA6-9E70-7DC94C148CBD}
		{FB880D31-EC12-49D2-9A67-833EF5A4283A} = {22B6BBEB-2064-4D6B-8F40-09B338920F04}
		{C0A247FF-0B78-4B14-B32D-23AE86959AC5} = {FB880D31-EC12-49D2-9A67-833EF5A4283A}
		{151D279E-50ED-4F3E-BCB8-92637FA84B55} = {FB880D31-EC12-49D2-9A67-833EF5A4283A}
		{12FC55B0-1736-4222-9841-CC662D4B93FE} = {FB880D31-EC12-49D2-9A67-833EF5A4283A}
		{9002313D-2BAC-4CE8-B647-47C04AD78B09} = {FB880D31-EC12-49D2-9A67-833EF5A4283A}
		{67F6761D-AA8E-4CB9-84FB-E6276FDB59F1} = {FB880D31-EC12-49D2-9A67-833EF5A4283A}
		{6A260657-4415-4BA1-BF3D-F511F0CD2AEC} = {FB880D31-EC12-49D2-9A67-833EF5A4283A}
		{652AD7C0-4C34-4F7E-A8E7-8EEB659AAF51} = {FB880D31-EC12-49D2-9A67-833EF5A4283A}
		{04A81E00-8E48-49A8-8F5B-A169A759393A} = {FB880D31-EC12-49D2-9A67-833EF5A4283A}
		{193233B7-6EC5-4744-B8E8-F94197E3A6DF} = {FB880D31-EC12-49D2-9A67-833EF5A4283A}
		{B32A1D44-284C-475D-8664-BB9ECC322CA3} = {FB880D31-EC12-49D2-9A67-833EF5A4283A}
		{CDE68460-774D-4172-BDE5-FE1A1A4BA969} = {22B6BBEB-2064-4D6B-8F40-09B338920F04}
		{24B24443-5420-41C8-A355-6782CF3CB053} = {FB880D31-EC12-49D2-9A67-833EF5A4283A}
		{03B0EC65-6B5D-4F6A-B6F0-64A92DD0A3DE} = {CDE68460-774D-4172-BDE5-FE1A1A4BA969}
		{70221648-1AE5-4DCF-B445-D2EA6935836A} = {CE3F572C-5799-4F4F-B858-176D7C7D759C}
		{0DE0635E-EAF3-4941-ABAC-ACEC1E9F1060} = {70221648-1AE5-4DCF-B445-D2EA6935836A}
		{4A49A578-6D6A-4E5B-8536-4FB5F2D737B5} = {70221648-1AE5-4DCF-B445-D2EA6935836A}
		{76ECB6AF-C649-429C-92C9-820783DE8957} = {70221648-1AE5-4DCF-B445-D2EA6935836A}
		{283A6D3E-0FA0-43B0-B224-F5BBEB3F99A0} = {4EEF960B-F61B-4EC5-B77F-5603CB3CF71C}
		{4EEF960B-F61B-4EC5-B77F-5603CB3CF71C} = {CE3F572C-5799-4F4F-B858-176D7C7D759C}
		{F8D19C21-091E-4DF6-B0C5-4282C69C5CC9} = {4EEF960B-F61B-4EC5-B77F-5603CB3CF71C}
		{2A26A949-2C96-46CC-B2FD-B5FA51EF52DB} = {4EEF960B-F61B-4EC5-B77F-5603CB3CF71C}
		{24C66255-E8FE-44F7-AB3F-9EBCD69FFFE1} = {4EEF960B-F61B-4EC5-B77F-5603CB3CF71C}
		{DDF52D99-FBE4-47F5-ABE2-7498C3FF2917} = {4EEF960B-F61B-4EC5-B77F-5603CB3CF71C}
		{82B6D0EC-A07D-43BC-AC3E-8100BA44A1A8} = {4EEF960B-F61B-4EC5-B77F-5603CB3CF71C}
		{C010D0FD-563E-463E-A2FA-F5998CFDAC0C} = {4EEF960B-F61B-4EC5-B77F-5603CB3CF71C}
		{E89BA5AC-2A1D-4877-BC79-7F87904DDFD1} = {75E2C473-A26C-4AA0-99F8-340D60310045}
		{75E2C473-A26C-4AA0-99F8-340D60310045} = {CE3F572C-5799-4F4F-B858-176D7C7D759C}
		{CE653006-2A16-4C63-9B71-962A405C47AD} = {75E2C473-A26C-4AA0-99F8-340D60310045}
		{CE3F572C-5799-4F4F-B858-176D7C7D759C} = {898A54F3-76DB-44B9-8670-35B4E6ABD281}
		{9BAB8A0C-EF43-4BE4-8FCE-E4136D1BE6DF} = {898A54F3-76DB-44B9-8670-35B4E6ABD281}
		{08B88CDE-3F90-4CD1-BFA5-A88243852565} = {9BAB8A0C-EF43-4BE4-8FCE-E4136D1BE6DF}
		{17822818-1576-4E08-AE58-BB6CBDF25B26} = {9BAB8A0C-EF43-4BE4-8FCE-E4136D1BE6DF}
		{1351B944-DE44-4FFF-A1B5-2F46BB0D3B3A} = {9BAB8A0C-EF43-4BE4-8FCE-E4136D1BE6DF}
		{E9E6F93C-F9F8-4077-8DDF-5FFB86CC33DA} = {9BAB8A0C-EF43-4BE4-8FCE-E4136D1BE6DF}
		{3C14E5A6-572D-4D60-8E9E-45BF2ABF020C} = {9BAB8A0C-EF43-4BE4-8FCE-E4136D1BE6DF}
		{C3E6C397-816E-46B5-BC72-B2BEBB50B2FD} = {9BAB8A0C-EF43-4BE4-8FCE-E4136D1BE6DF}
		{35DCBD4E-35D0-4FBA-B15D-BEB520E184F3} = {9BAB8A0C-EF43-4BE4-8FCE-E4136D1BE6DF}
		{0A5EE233-5233-489F-81A2-2B38513BFD87} = {9BAB8A0C-EF43-4BE4-8FCE-E4136D1BE6DF}
		{89A5D7F7-8CF6-426A-9E27-A0FB1B92B82B} = {9BAB8A0C-EF43-4BE4-8FCE-E4136D1BE6DF}
		{27FF73E9-6282-4813-8428-A47905792D33} = {9BAB8A0C-EF43-4BE4-8FCE-E4136D1BE6DF}
		{99483A9C-E789-4E7A-84B0-267D6E946126} = {27CF4EE7-9E9C-4822-B385-3F83B5C6B3D8}
		{C051D2FA-7BBA-4564-81BE-CCE2BC20DC7B} = {27CF4EE7-9E9C-4822-B385-3F83B5C6B3D8}
		{0560CEB1-92DA-4B10-A420-BF168B1A4796} = {27CF4EE7-9E9C-4822-B385-3F83B5C6B3D8}
		{0A4D3972-E412-42F4-B232-C09251597F9B} = {27CF4EE7-9E9C-4822-B385-3F83B5C6B3D8}
		{2C8FDB88-54C5-4724-8B1F-ED7592E0AC31} = {27CF4EE7-9E9C-4822-B385-3F83B5C6B3D8}
		{A0F10AA4-CEB0-4456-839B-2AA60E31A1E7} = {27CF4EE7-9E9C-4822-B385-3F83B5C6B3D8}
		{DBFDD7FE-3157-4875-9281-CB2C235D5E69} = {27CF4EE7-9E9C-4822-B385-3F83B5C6B3D8}
		{62897663-9562-4A37-8A7D-10E93D8DFD87} = {27CF4EE7-9E9C-4822-B385-3F83B5C6B3D8}
		{27CF4EE7-9E9C-4822-B385-3F83B5C6B3D8} = {15CCE04F-0A30-4A5E-8049-8952274C44E6}
		{2A4B78A2-1358-4B50-A868-4201CF83DF8B} = {15CCE04F-0A30-4A5E-8049-8952274C44E6}
		{38294FE7-FF97-4A58-8E8C-0A6FA4E6523E} = {2A4B78A2-1358-4B50-A868-4201CF83DF8B}
		{34C690B7-85D8-44DC-A6D7-8C790B311E0A} = {2A4B78A2-1358-4B50-A868-4201CF83DF8B}
		{4F683785-7BA5-493C-A225-12016EA721A4} = {2A4B78A2-1358-4B50-A868-4201CF83DF8B}
		{79153DD8-AAC0-471C-A51F-C81119E73C58} = {2A4B78A2-1358-4B50-A868-4201CF83DF8B}
		{4541B96D-A393-45BC-8B00-3FA37C52CF42} = {27CF4EE7-9E9C-4822-B385-3F83B5C6B3D8}
		{34E17B1A-4CC1-483E-8399-04CA84A1333E} = {2A4B78A2-1358-4B50-A868-4201CF83DF8B}
		{AE93FCC0-1B9F-4ECF-9941-9A673EDE270A} = {690232B7-7C01-4B9C-90ED-AB19BF115999}
		{93E82607-9F1C-474A-9DE0-42318DA7A773} = {AE93FCC0-1B9F-4ECF-9941-9A673EDE270A}
		{8F843F3B-D7E3-4796-A0DC-3A400E8C3951} = {93E82607-9F1C-474A-9DE0-42318DA7A773}
		{8C9B1648-BA87-448A-BD08-479494C2ED31} = {93E82607-9F1C-474A-9DE0-42318DA7A773}
		{4EB378E2-8505-42E9-84C2-43F10C8B8721} = {93E82607-9F1C-474A-9DE0-42318DA7A773}
		{9FC02A06-2D1B-4AD8-B664-1834C7ECA6A6} = {93E82607-9F1C-474A-9DE0-42318DA7A773}
		{249AB44F-ADA9-4059-B67B-C330BB7DFB7F} = {93E82607-9F1C-474A-9DE0-42318DA7A773}
		{5CCA8CF2-E1B2-4A26-B1C0-1B321E8E310F} = {EAF61889-0CCB-4A46-9985-1F514E679787}
		{EAF61889-0CCB-4A46-9985-1F514E679787} = {AE93FCC0-1B9F-4ECF-9941-9A673EDE270A}
		{4600A849-D0E3-42E0-A4DA-39C46789BC4B} = {EAF61889-0CCB-4A46-9985-1F514E679787}
		{9F94598B-3C83-4ECF-A8DC-B1761CC8C591} = {EAF61889-0CCB-4A46-9985-1F514E679787}
		{F6E727DD-5179-4794-B41F-0C5A873035FB} = {EAF61889-0CCB-4A46-9985-1F514E679787}
		{F93AF920-5500-466F-B2CB-F163CE9B8C7F} = {EAF61889-0CCB-4A46-9985-1F514E679787}
		{6BBBE9AA-562D-4998-A729-DB27B0CA7866} = {EAF61889-0CCB-4A46-9985-1F514E679787}
	EndGlobalSection
	GlobalSection(ExtensibilityGlobals) = postSolution
		SolutionGuid = {734AF992-3115-497D-884B-4FCFDFEACDB4}
	EndGlobalSection
EndGlobal
