
Microsoft Visual Studio Solution File, Format Version 12.00
# Visual Studio Version 17
VisualStudioVersion = 17.7.34031.279
MinimumVisualStudioVersion = 10.0.40219.1
Project("{9A19103F-16F7-4668-BE54-9A1E7A4F7556}") = "ProgrammingFundamentalswithC#-септември-2023", "ProgrammingFundamentalswithC#-септември-2023.csproj", "{6E2E93F0-04D9-453B-ADB5-1734CF8537D4}"
EndProject
Project("{2150E333-8FDC-42A3-9474-1A3956D46DE8}") = "Intro and Basic Syntax", "Intro and Basic Syntax", "{22B6BBEB-2064-4D6B-8F40-09B338920F04}"
EndProject
Project("{2150E333-8FDC-42A3-9474-1A3956D46DE8}") = "Lab", "Lab", "{EA723100-EF64-4EA6-9E70-7DC94C148CBD}"
EndProject
Project("{9A19103F-16F7-4668-BE54-9A1E7A4F7556}") = "StudentInformation", "..\StudentInformation\StudentInformation.csproj", "{737606F7-7826-4117-AAF7-DB9BB1F16BC9}"
EndProject
Project("{9A19103F-16F7-4668-BE54-9A1E7A4F7556}") = "Passed", "..\Passed\Passed.csproj", "{A4E49B83-5DB4-4383-A87C-014FE15C60E0}"
EndProject
Project("{9A19103F-16F7-4668-BE54-9A1E7A4F7556}") = "PassedOrFailed", "..\PassedOrFailed\PassedOrFailed.csproj", "{ED4A0A60-D542-4E30-ADF3-FAFA7812CA54}"
EndProject
Project("{9A19103F-16F7-4668-BE54-9A1E7A4F7556}") = "BackIn30Minutes", "..\BackIn30Minutes\BackIn30Minutes.csproj", "{C6CDF5BA-E846-49B7-B860-FBD4C6C07B8C}"
EndProject
Project("{9A19103F-16F7-4668-BE54-9A1E7A4F7556}") = "MonthPrinter", "..\MonthPrinter\MonthPrinter.csproj", "{218CCED6-D2E3-4BFD-9D19-28C9042D512C}"
EndProject
Project("{9A19103F-16F7-4668-BE54-9A1E7A4F7556}") = "ForeignLanguages", "..\ForeignLanguages\ForeignLanguages.csproj", "{973AB66E-F3FD-43DD-9D5C-FCF3A9A23E13}"
EndProject
Project("{9A19103F-16F7-4668-BE54-9A1E7A4F7556}") = "TheatrePromotion", "..\TheatrePromotion\TheatrePromotion.csproj", "{47801788-2A3B-477B-9AE2-1EE93F29C1D2}"
EndProject
Project("{9A19103F-16F7-4668-BE54-9A1E7A4F7556}") = "DivisibleBy3", "..\DivisibleBy3\DivisibleBy3.csproj", "{C58EA057-A067-4E4A-9575-C29EA4EC7B9A}"
EndProject
Project("{9A19103F-16F7-4668-BE54-9A1E7A4F7556}") = "SumOfOddNumbers", "..\SumOfOddNumbers\SumOfOddNumbers.csproj", "{70F73CDC-2BCA-44E5-A144-9FC19457730E}"
EndProject
Project("{9A19103F-16F7-4668-BE54-9A1E7A4F7556}") = "MultiplicationTable", "..\MultiplicationTable\MultiplicationTable.csproj", "{E36AEC57-EE45-440A-898A-4B1E2842DE51}"
EndProject
Project("{9A19103F-16F7-4668-BE54-9A1E7A4F7556}") = "MultiplicationTable2.0", "..\MultiplicationTable2.0\MultiplicationTable2.0.csproj", "{3A021EB7-9431-410C-9E83-C7C84335CEDF}"
EndProject
Project("{9A19103F-16F7-4668-BE54-9A1E7A4F7556}") = "EvenNumber", "..\EvenNumber\EvenNumber.csproj", "{E8CFEDBF-8360-43CE-91A3-E44517402471}"
EndProject
Project("{9A19103F-16F7-4668-BE54-9A1E7A4F7556}") = "HolidaysBetweenTwoDates", "..\HolidaysBetweenTwoDates\HolidaysBetweenTwoDates.csproj", "{D0586FE7-9A7C-4949-A386-C6099827EEE1}"
EndProject
Project("{2150E333-8FDC-42A3-9474-1A3956D46DE8}") = "Exercise", "Exercise", "{FB880D31-EC12-49D2-9A67-833EF5A4283A}"
EndProject
Project("{9A19103F-16F7-4668-BE54-9A1E7A4F7556}") = "Vacation", "..\Vacation\Vacation.csproj", "{C0A247FF-0B78-4B14-B32D-23AE86959AC5}"
EndProject
Project("{9A19103F-16F7-4668-BE54-9A1E7A4F7556}") = "Division", "..\Division\Division.csproj", "{151D279E-50ED-4F3E-BCB8-92637FA84B55}"
EndProject
Project("{9A19103F-16F7-4668-BE54-9A1E7A4F7556}") = "Ages", "..\Ages\Ages.csproj", "{12FC55B0-1736-4222-9841-CC662D4B93FE}"
EndProject
Project("{9A19103F-16F7-4668-BE54-9A1E7A4F7556}") = "PrintAndsum", "..\PrintAndsum\PrintAndsum.csproj", "{9002313D-2BAC-4CE8-B647-47C04AD78B09}"
EndProject
Project("{9A19103F-16F7-4668-BE54-9A1E7A4F7556}") = "Login", "..\Login\Login.csproj", "{67F6761D-AA8E-4CB9-84FB-E6276FDB59F1}"
EndProject
Project("{9A19103F-16F7-4668-BE54-9A1E7A4F7556}") = "StrongNumber", "..\StrongNumber\StrongNumber.csproj", "{6A260657-4415-4BA1-BF3D-F511F0CD2AEC}"
EndProject
Project("{9A19103F-16F7-4668-BE54-9A1E7A4F7556}") = "Vending Machine", "..\Vending Machine\Vending Machine.csproj", "{652AD7C0-4C34-4F7E-A8E7-8EEB659AAF51}"
EndProject
Project("{9A19103F-16F7-4668-BE54-9A1E7A4F7556}") = "TriangleOfNumbers", "..\TriangleOfNumbers\TriangleOfNumbers.csproj", "{04A81E00-8E48-49A8-8F5B-A169A759393A}"
EndProject
Project("{9A19103F-16F7-4668-BE54-9A1E7A4F7556}") = "PadawanEquipment", "..\PadawanEquipment\PadawanEquipment.csproj", "{193233B7-6EC5-4744-B8E8-F94197E3A6DF}"
EndProject
Project("{9A19103F-16F7-4668-BE54-9A1E7A4F7556}") = "RageExpenses", "..\RageExpenses\RageExpenses.csproj", "{B32A1D44-284C-475D-8664-BB9ECC322CA3}"
EndProject
Project("{2150E333-8FDC-42A3-9474-1A3956D46DE8}") = "MoreExercise", "MoreExercise", "{CDE68460-774D-4172-BDE5-FE1A1A4BA969}"
EndProject
Project("{9A19103F-16F7-4668-BE54-9A1E7A4F7556}") = "Orders", "..\Orders\Orders.csproj", "{24B24443-5420-41C8-A355-6782CF3CB053}"
EndProject
Project("{FAE04EC0-301F-11D3-BF4B-00C04F79EFBC}") = "SortNumbers", "..\SortNumbers\SortNumbers.csproj", "{03B0EC65-6B5D-4F6A-B6F0-64A92DD0A3DE}"
EndProject
Global
	GlobalSection(SolutionConfigurationPlatforms) = preSolution
		Debug|Any CPU = Debug|Any CPU
		Release|Any CPU = Release|Any CPU
	EndGlobalSection
	GlobalSection(ProjectConfigurationPlatforms) = postSolution
		{6E2E93F0-04D9-453B-ADB5-1734CF8537D4}.Debug|Any CPU.ActiveCfg = Debug|Any CPU
		{6E2E93F0-04D9-453B-ADB5-1734CF8537D4}.Debug|Any CPU.Build.0 = Debug|Any CPU
		{6E2E93F0-04D9-453B-ADB5-1734CF8537D4}.Release|Any CPU.ActiveCfg = Release|Any CPU
		{6E2E93F0-04D9-453B-ADB5-1734CF8537D4}.Release|Any CPU.Build.0 = Release|Any CPU
		{737606F7-7826-4117-AAF7-DB9BB1F16BC9}.Debug|Any CPU.ActiveCfg = Debug|Any CPU
		{737606F7-7826-4117-AAF7-DB9BB1F16BC9}.Debug|Any CPU.Build.0 = Debug|Any CPU
		{737606F7-7826-4117-AAF7-DB9BB1F16BC9}.Release|Any CPU.ActiveCfg = Release|Any CPU
		{737606F7-7826-4117-AAF7-DB9BB1F16BC9}.Release|Any CPU.Build.0 = Release|Any CPU
		{A4E49B83-5DB4-4383-A87C-014FE15C60E0}.Debug|Any CPU.ActiveCfg = Debug|Any CPU
		{A4E49B83-5DB4-4383-A87C-014FE15C60E0}.Debug|Any CPU.Build.0 = Debug|Any CPU
		{A4E49B83-5DB4-4383-A87C-014FE15C60E0}.Release|Any CPU.ActiveCfg = Release|Any CPU
		{A4E49B83-5DB4-4383-A87C-014FE15C60E0}.Release|Any CPU.Build.0 = Release|Any CPU
		{ED4A0A60-D542-4E30-ADF3-FAFA7812CA54}.Debug|Any CPU.ActiveCfg = Debug|Any CPU
		{ED4A0A60-D542-4E30-ADF3-FAFA7812CA54}.Debug|Any CPU.Build.0 = Debug|Any CPU
		{ED4A0A60-D542-4E30-ADF3-FAFA7812CA54}.Release|Any CPU.ActiveCfg = Release|Any CPU
		{ED4A0A60-D542-4E30-ADF3-FAFA7812CA54}.Release|Any CPU.Build.0 = Release|Any CPU
		{C6CDF5BA-E846-49B7-B860-FBD4C6C07B8C}.Debug|Any CPU.ActiveCfg = Debug|Any CPU
		{C6CDF5BA-E846-49B7-B860-FBD4C6C07B8C}.Debug|Any CPU.Build.0 = Debug|Any CPU
		{C6CDF5BA-E846-49B7-B860-FBD4C6C07B8C}.Release|Any CPU.ActiveCfg = Release|Any CPU
		{C6CDF5BA-E846-49B7-B860-FBD4C6C07B8C}.Release|Any CPU.Build.0 = Release|Any CPU
		{218CCED6-D2E3-4BFD-9D19-28C9042D512C}.Debug|Any CPU.ActiveCfg = Debug|Any CPU
		{218CCED6-D2E3-4BFD-9D19-28C9042D512C}.Debug|Any CPU.Build.0 = Debug|Any CPU
		{218CCED6-D2E3-4BFD-9D19-28C9042D512C}.Release|Any CPU.ActiveCfg = Release|Any CPU
		{218CCED6-D2E3-4BFD-9D19-28C9042D512C}.Release|Any CPU.Build.0 = Release|Any CPU
		{973AB66E-F3FD-43DD-9D5C-FCF3A9A23E13}.Debug|Any CPU.ActiveCfg = Debug|Any CPU
		{973AB66E-F3FD-43DD-9D5C-FCF3A9A23E13}.Debug|Any CPU.Build.0 = Debug|Any CPU
		{973AB66E-F3FD-43DD-9D5C-FCF3A9A23E13}.Release|Any CPU.ActiveCfg = Release|Any CPU
		{973AB66E-F3FD-43DD-9D5C-FCF3A9A23E13}.Release|Any CPU.Build.0 = Release|Any CPU
		{47801788-2A3B-477B-9AE2-1EE93F29C1D2}.Debug|Any CPU.ActiveCfg = Debug|Any CPU
		{47801788-2A3B-477B-9AE2-1EE93F29C1D2}.Debug|Any CPU.Build.0 = Debug|Any CPU
		{47801788-2A3B-477B-9AE2-1EE93F29C1D2}.Release|Any CPU.ActiveCfg = Release|Any CPU
		{47801788-2A3B-477B-9AE2-1EE93F29C1D2}.Release|Any CPU.Build.0 = Release|Any CPU
		{C58EA057-A067-4E4A-9575-C29EA4EC7B9A}.Debug|Any CPU.ActiveCfg = Debug|Any CPU
		{C58EA057-A067-4E4A-9575-C29EA4EC7B9A}.Debug|Any CPU.Build.0 = Debug|Any CPU
		{C58EA057-A067-4E4A-9575-C29EA4EC7B9A}.Release|Any CPU.ActiveCfg = Release|Any CPU
		{C58EA057-A067-4E4A-9575-C29EA4EC7B9A}.Release|Any CPU.Build.0 = Release|Any CPU
		{70F73CDC-2BCA-44E5-A144-9FC19457730E}.Debug|Any CPU.ActiveCfg = Debug|Any CPU
		{70F73CDC-2BCA-44E5-A144-9FC19457730E}.Debug|Any CPU.Build.0 = Debug|Any CPU
		{70F73CDC-2BCA-44E5-A144-9FC19457730E}.Release|Any CPU.ActiveCfg = Release|Any CPU
		{70F73CDC-2BCA-44E5-A144-9FC19457730E}.Release|Any CPU.Build.0 = Release|Any CPU
		{E36AEC57-EE45-440A-898A-4B1E2842DE51}.Debug|Any CPU.ActiveCfg = Debug|Any CPU
		{E36AEC57-EE45-440A-898A-4B1E2842DE51}.Debug|Any CPU.Build.0 = Debug|Any CPU
		{E36AEC57-EE45-440A-898A-4B1E2842DE51}.Release|Any CPU.ActiveCfg = Release|Any CPU
		{E36AEC57-EE45-440A-898A-4B1E2842DE51}.Release|Any CPU.Build.0 = Release|Any CPU
		{3A021EB7-9431-410C-9E83-C7C84335CEDF}.Debug|Any CPU.ActiveCfg = Debug|Any CPU
		{3A021EB7-9431-410C-9E83-C7C84335CEDF}.Debug|Any CPU.Build.0 = Debug|Any CPU
		{3A021EB7-9431-410C-9E83-C7C84335CEDF}.Release|Any CPU.ActiveCfg = Release|Any CPU
		{3A021EB7-9431-410C-9E83-C7C84335CEDF}.Release|Any CPU.Build.0 = Release|Any CPU
		{E8CFEDBF-8360-43CE-91A3-E44517402471}.Debug|Any CPU.ActiveCfg = Debug|Any CPU
		{E8CFEDBF-8360-43CE-91A3-E44517402471}.Debug|Any CPU.Build.0 = Debug|Any CPU
		{E8CFEDBF-8360-43CE-91A3-E44517402471}.Release|Any CPU.ActiveCfg = Release|Any CPU
		{E8CFEDBF-8360-43CE-91A3-E44517402471}.Release|Any CPU.Build.0 = Release|Any CPU
		{D0586FE7-9A7C-4949-A386-C6099827EEE1}.Debug|Any CPU.ActiveCfg = Debug|Any CPU
		{D0586FE7-9A7C-4949-A386-C6099827EEE1}.Debug|Any CPU.Build.0 = Debug|Any CPU
		{D0586FE7-9A7C-4949-A386-C6099827EEE1}.Release|Any CPU.ActiveCfg = Release|Any CPU
		{D0586FE7-9A7C-4949-A386-C6099827EEE1}.Release|Any CPU.Build.0 = Release|Any CPU
		{C0A247FF-0B78-4B14-B32D-23AE86959AC5}.Debug|Any CPU.ActiveCfg = Debug|Any CPU
		{C0A247FF-0B78-4B14-B32D-23AE86959AC5}.Debug|Any CPU.Build.0 = Debug|Any CPU
		{C0A247FF-0B78-4B14-B32D-23AE86959AC5}.Release|Any CPU.ActiveCfg = Release|Any CPU
		{C0A247FF-0B78-4B14-B32D-23AE86959AC5}.Release|Any CPU.Build.0 = Release|Any CPU
		{151D279E-50ED-4F3E-BCB8-92637FA84B55}.Debug|Any CPU.ActiveCfg = Debug|Any CPU
		{151D279E-50ED-4F3E-BCB8-92637FA84B55}.Debug|Any CPU.Build.0 = Debug|Any CPU
		{151D279E-50ED-4F3E-BCB8-92637FA84B55}.Release|Any CPU.ActiveCfg = Release|Any CPU
		{151D279E-50ED-4F3E-BCB8-92637FA84B55}.Release|Any CPU.Build.0 = Release|Any CPU
		{12FC55B0-1736-4222-9841-CC662D4B93FE}.Debug|Any CPU.ActiveCfg = Debug|Any CPU
		{12FC55B0-1736-4222-9841-CC662D4B93FE}.Debug|Any CPU.Build.0 = Debug|Any CPU
		{12FC55B0-1736-4222-9841-CC662D4B93FE}.Release|Any CPU.ActiveCfg = Release|Any CPU
		{12FC55B0-1736-4222-9841-CC662D4B93FE}.Release|Any CPU.Build.0 = Release|Any CPU
		{9002313D-2BAC-4CE8-B647-47C04AD78B09}.Debug|Any CPU.ActiveCfg = Debug|Any CPU
		{9002313D-2BAC-4CE8-B647-47C04AD78B09}.Debug|Any CPU.Build.0 = Debug|Any CPU
		{9002313D-2BAC-4CE8-B647-47C04AD78B09}.Release|Any CPU.ActiveCfg = Release|Any CPU
		{9002313D-2BAC-4CE8-B647-47C04AD78B09}.Release|Any CPU.Build.0 = Release|Any CPU
		{67F6761D-AA8E-4CB9-84FB-E6276FDB59F1}.Debug|Any CPU.ActiveCfg = Debug|Any CPU
		{67F6761D-AA8E-4CB9-84FB-E6276FDB59F1}.Debug|Any CPU.Build.0 = Debug|Any CPU
		{67F6761D-AA8E-4CB9-84FB-E6276FDB59F1}.Release|Any CPU.ActiveCfg = Release|Any CPU
		{67F6761D-AA8E-4CB9-84FB-E6276FDB59F1}.Release|Any CPU.Build.0 = Release|Any CPU
		{6A260657-4415-4BA1-BF3D-F511F0CD2AEC}.Debug|Any CPU.ActiveCfg = Debug|Any CPU
		{6A260657-4415-4BA1-BF3D-F511F0CD2AEC}.Debug|Any CPU.Build.0 = Debug|Any CPU
		{6A260657-4415-4BA1-BF3D-F511F0CD2AEC}.Release|Any CPU.ActiveCfg = Release|Any CPU
		{6A260657-4415-4BA1-BF3D-F511F0CD2AEC}.Release|Any CPU.Build.0 = Release|Any CPU
		{652AD7C0-4C34-4F7E-A8E7-8EEB659AAF51}.Debug|Any CPU.ActiveCfg = Debug|Any CPU
		{652AD7C0-4C34-4F7E-A8E7-8EEB659AAF51}.Debug|Any CPU.Build.0 = Debug|Any CPU
		{652AD7C0-4C34-4F7E-A8E7-8EEB659AAF51}.Release|Any CPU.ActiveCfg = Release|Any CPU
		{652AD7C0-4C34-4F7E-A8E7-8EEB659AAF51}.Release|Any CPU.Build.0 = Release|Any CPU
		{04A81E00-8E48-49A8-8F5B-A169A759393A}.Debug|Any CPU.ActiveCfg = Debug|Any CPU
		{04A81E00-8E48-49A8-8F5B-A169A759393A}.Debug|Any CPU.Build.0 = Debug|Any CPU
		{04A81E00-8E48-49A8-8F5B-A169A759393A}.Release|Any CPU.ActiveCfg = Release|Any CPU
		{04A81E00-8E48-49A8-8F5B-A169A759393A}.Release|Any CPU.Build.0 = Release|Any CPU
		{193233B7-6EC5-4744-B8E8-F94197E3A6DF}.Debug|Any CPU.ActiveCfg = Debug|Any CPU
		{193233B7-6EC5-4744-B8E8-F94197E3A6DF}.Debug|Any CPU.Build.0 = Debug|Any CPU
		{193233B7-6EC5-4744-B8E8-F94197E3A6DF}.Release|Any CPU.ActiveCfg = Release|Any CPU
		{193233B7-6EC5-4744-B8E8-F94197E3A6DF}.Release|Any CPU.Build.0 = Release|Any CPU
		{B32A1D44-284C-475D-8664-BB9ECC322CA3}.Debug|Any CPU.ActiveCfg = Debug|Any CPU
		{B32A1D44-284C-475D-8664-BB9ECC322CA3}.Debug|Any CPU.Build.0 = Debug|Any CPU
		{B32A1D44-284C-475D-8664-BB9ECC322CA3}.Release|Any CPU.ActiveCfg = Release|Any CPU
		{B32A1D44-284C-475D-8664-BB9ECC322CA3}.Release|Any CPU.Build.0 = Release|Any CPU
		{24B24443-5420-41C8-A355-6782CF3CB053}.Debug|Any CPU.ActiveCfg = Debug|Any CPU
		{24B24443-5420-41C8-A355-6782CF3CB053}.Debug|Any CPU.Build.0 = Debug|Any CPU
		{24B24443-5420-41C8-A355-6782CF3CB053}.Release|Any CPU.ActiveCfg = Release|Any CPU
		{24B24443-5420-41C8-A355-6782CF3CB053}.Release|Any CPU.Build.0 = Release|Any CPU
		{03B0EC65-6B5D-4F6A-B6F0-64A92DD0A3DE}.Debug|Any CPU.ActiveCfg = Debug|Any CPU
		{03B0EC65-6B5D-4F6A-B6F0-64A92DD0A3DE}.Debug|Any CPU.Build.0 = Debug|Any CPU
		{03B0EC65-6B5D-4F6A-B6F0-64A92DD0A3DE}.Release|Any CPU.ActiveCfg = Release|Any CPU
		{03B0EC65-6B5D-4F6A-B6F0-64A92DD0A3DE}.Release|Any CPU.Build.0 = Release|Any CPU
	EndGlobalSection
	GlobalSection(SolutionProperties) = preSolution
		HideSolutionNode = FALSE
	EndGlobalSection
	GlobalSection(NestedProjects) = preSolution
		{EA723100-EF64-4EA6-9E70-7DC94C148CBD} = {22B6BBEB-2064-4D6B-8F40-09B338920F04}
		{737606F7-7826-4117-AAF7-DB9BB1F16BC9} = {EA723100-EF64-4EA6-9E70-7DC94C148CBD}
		{A4E49B83-5DB4-4383-A87C-014FE15C60E0} = {EA723100-EF64-4EA6-9E70-7DC94C148CBD}
		{ED4A0A60-D542-4E30-ADF3-FAFA7812CA54} = {EA723100-EF64-4EA6-9E70-7DC94C148CBD}
		{C6CDF5BA-E846-49B7-B860-FBD4C6C07B8C} = {EA723100-EF64-4EA6-9E70-7DC94C148CBD}
		{218CCED6-D2E3-4BFD-9D19-28C9042D512C} = {EA723100-EF64-4EA6-9E70-7DC94C148CBD}
		{973AB66E-F3FD-43DD-9D5C-FCF3A9A23E13} = {EA723100-EF64-4EA6-9E70-7DC94C148CBD}
		{47801788-2A3B-477B-9AE2-1EE93F29C1D2} = {EA723100-EF64-4EA6-9E70-7DC94C148CBD}
		{C58EA057-A067-4E4A-9575-C29EA4EC7B9A} = {EA723100-EF64-4EA6-9E70-7DC94C148CBD}
		{70F73CDC-2BCA-44E5-A144-9FC19457730E} = {EA723100-EF64-4EA6-9E70-7DC94C148CBD}
		{E36AEC57-EE45-440A-898A-4B1E2842DE51} = {EA723100-EF64-4EA6-9E70-7DC94C148CBD}
		{3A021EB7-9431-410C-9E83-C7C84335CEDF} = {EA723100-EF64-4EA6-9E70-7DC94C148CBD}
		{E8CFEDBF-8360-43CE-91A3-E44517402471} = {EA723100-EF64-4EA6-9E70-7DC94C148CBD}
		{D0586FE7-9A7C-4949-A386-C6099827EEE1} = {EA723100-EF64-4EA6-9E70-7DC94C148CBD}
		{FB880D31-EC12-49D2-9A67-833EF5A4283A} = {22B6BBEB-2064-4D6B-8F40-09B338920F04}
		{C0A247FF-0B78-4B14-B32D-23AE86959AC5} = {FB880D31-EC12-49D2-9A67-833EF5A4283A}
		{151D279E-50ED-4F3E-BCB8-92637FA84B55} = {FB880D31-EC12-49D2-9A67-833EF5A4283A}
		{12FC55B0-1736-4222-9841-CC662D4B93FE} = {FB880D31-EC12-49D2-9A67-833EF5A4283A}
		{9002313D-2BAC-4CE8-B647-47C04AD78B09} = {FB880D31-EC12-49D2-9A67-833EF5A4283A}
		{67F6761D-AA8E-4CB9-84FB-E6276FDB59F1} = {FB880D31-EC12-49D2-9A67-833EF5A4283A}
		{6A260657-4415-4BA1-BF3D-F511F0CD2AEC} = {FB880D31-EC12-49D2-9A67-833EF5A4283A}
		{652AD7C0-4C34-4F7E-A8E7-8EEB659AAF51} = {FB880D31-EC12-49D2-9A67-833EF5A4283A}
		{04A81E00-8E48-49A8-8F5B-A169A759393A} = {FB880D31-EC12-49D2-9A67-833EF5A4283A}
		{193233B7-6EC5-4744-B8E8-F94197E3A6DF} = {FB880D31-EC12-49D2-9A67-833EF5A4283A}
		{B32A1D44-284C-475D-8664-BB9ECC322CA3} = {FB880D31-EC12-49D2-9A67-833EF5A4283A}
		{CDE68460-774D-4172-BDE5-FE1A1A4BA969} = {22B6BBEB-2064-4D6B-8F40-09B338920F04}
		{24B24443-5420-41C8-A355-6782CF3CB053} = {FB880D31-EC12-49D2-9A67-833EF5A4283A}
		{03B0EC65-6B5D-4F6A-B6F0-64A92DD0A3DE} = {CDE68460-774D-4172-BDE5-FE1A1A4BA969}
	EndGlobalSection
	GlobalSection(ExtensibilityGlobals) = postSolution
		SolutionGuid = {734AF992-3115-497D-884B-4FCFDFEACDB4}
	EndGlobalSection
EndGlobal
